<?xml version="1.0" encoding="utf-8"?>
<Project ToolsVersion="4.0" xmlns="http://schemas.microsoft.com/developer/msbuild/2003">
  <ItemGroup>
    <Filter Include="Source Files">
      <UniqueIdentifier>{4FC737F1-C7A5-4376-A066-2A32D752A2FF}</UniqueIdentifier>
      <Extensions>cpp;c;cc;cxx;def;odl;idl;hpj;bat;asm;asmx</Extensions>
    </Filter>
    <Filter Include="Header Files">
      <UniqueIdentifier>{93995380-89BD-4b04-88EB-625FBE52EBFB}</UniqueIdentifier>
      <Extensions>h;hpp;hxx;hm;inl;inc;xsd</Extensions>
    </Filter>
    <Filter Include="Resource Files">
      <UniqueIdentifier>{67DA6AB6-F800-4c08-8B7A-83BB121AAD01}</UniqueIdentifier>
      <Extensions>rc;ico;cur;bmp;dlg;rc2;rct;bin;rgs;gif;jpg;jpeg;jpe;resx;tiff;tif;png;wav;mfcribbon-ms</Extensions>
    </Filter>
    <Filter Include="Forms">
      <UniqueIdentifier>{e0e0b1d2-db55-4a31-9e6f-16b8d985c7d5}</UniqueIdentifier>
      <Extensions>ui</Extensions>
    </Filter>
    <Filter Include="MOC">
      <UniqueIdentifier>{def89315-bb77-4899-aff7-2407e694a52d}</UniqueIdentifier>
      <Extensions>moc_*.cpp</Extensions>
    </Filter>
    <Filter Include="MOC\Debug">
      <UniqueIdentifier>{a9854e66-09af-4270-9ea0-665bcaa903b1}</UniqueIdentifier>
    </Filter>
    <Filter Include="MOC\Release">
      <UniqueIdentifier>{1a31392f-d30c-47ad-81af-229d1c56123b}</UniqueIdentifier>
    </Filter>
    <Filter Include="Hooking">
      <UniqueIdentifier>{e9e7e3b7-a54f-4bed-a466-bd7cd140cfa3}</UniqueIdentifier>
    </Filter>
    <Filter Include="Hooking\Disasm">
      <UniqueIdentifier>{75462b77-0dfa-4bc7-9702-57d357870add}</UniqueIdentifier>
    </Filter>
    <Filter Include="Hooking\Mhook">
      <UniqueIdentifier>{af3b7b83-1d9c-44af-8500-147d0ad5789b}</UniqueIdentifier>
    </Filter>
  </ItemGroup>
  <ItemGroup>
    <ClCompile Include="IGOWebBrowser.cpp">
      <Filter>Source Files</Filter>
    </ClCompile>
    <ClCompile Include="build\Debug\moc_IGOWebBrowser.cpp">
      <Filter>MOC\Debug</Filter>
    </ClCompile>
    <ClCompile Include="build\Release\moc_IGOWebBrowser.cpp">
      <Filter>MOC\Release</Filter>
    </ClCompile>
    <ClCompile Include="IGOQtContainer.cpp">
      <Filter>Source Files</Filter>
    </ClCompile>
    <ClCompile Include="IGOWindowManager.cpp">
      <Filter>Source Files</Filter>
    </ClCompile>
    <ClCompile Include="build\Debug\moc_IGOQtContainer.cpp">
      <Filter>MOC\Debug</Filter>
    </ClCompile>
    <ClCompile Include="build\Release\moc_IGOQtContainer.cpp">
      <Filter>MOC\Release</Filter>
    </ClCompile>
    <ClCompile Include="build\Debug\moc_IGOWindowManager.cpp">
      <Filter>MOC\Debug</Filter>
    </ClCompile>
    <ClCompile Include="build\Release\moc_IGOWindowManager.cpp">
      <Filter>MOC\Release</Filter>
    </ClCompile>
    <ClCompile Include="IGOTopBar.cpp">
      <Filter>Source Files</Filter>
    </ClCompile>
    <ClCompile Include="build\Debug\moc_IGOTopBar.cpp">
      <Filter>MOC\Debug</Filter>
    </ClCompile>
    <ClCompile Include="build\Release\moc_IGOTopBar.cpp">
      <Filter>MOC\Release</Filter>
    </ClCompile>
    <ClCompile Include="IGOBottomBar.cpp">
      <Filter>Source Files</Filter>
    </ClCompile>
    <ClCompile Include="IGOQWidget.cpp">
      <Filter>Source Files</Filter>
    </ClCompile>
    <ClCompile Include="build\Debug\moc_IGOQWidget.cpp">
      <Filter>MOC\Debug</Filter>
    </ClCompile>
    <ClCompile Include="build\Debug\moc_IGOBottomBar.cpp">
      <Filter>MOC\Debug</Filter>
    </ClCompile>
    <ClCompile Include="build\Release\moc_IGOBottomBar.cpp">
      <Filter>MOC\Release</Filter>
    </ClCompile>
    <ClCompile Include="build\Release\moc_IGOQWidget.cpp">
      <Filter>MOC\Release</Filter>
    </ClCompile>
    <ClCompile Include="..\IGO\Disasm\cpu.c">
      <Filter>Hooking\Disasm</Filter>
    </ClCompile>
    <ClCompile Include="..\IGO\Disasm\disasm.c">
      <Filter>Hooking\Disasm</Filter>
    </ClCompile>
    <ClCompile Include="..\IGO\Disasm\disasm_x86.c">
      <Filter>Hooking\Disasm</Filter>
    </ClCompile>
    <ClCompile Include="..\IGO\Disasm\misc.c">
      <Filter>Hooking\Disasm</Filter>
    </ClCompile>
    <ClCompile Include="..\IGO\Mhook\mhook.cpp">
      <Filter>Hooking\Mhook</Filter>
    </ClCompile>
    <ClCompile Include="..\IGO\HookAPI.cpp">
      <Filter>Source Files</Filter>
    </ClCompile>
    <ClCompile Include="IGOWindowManagerIPC.cpp">
      <Filter>Source Files</Filter>
    </ClCompile>
    <ClCompile Include="IGONuxDisplay.cpp">
      <Filter>Source Files</Filter>
    </ClCompile>
    <ClCompile Include="build\Debug\moc_IGONuxDisplay.cpp">
      <Filter>MOC\Debug</Filter>
    </ClCompile>
    <ClCompile Include="build\Release\moc_IGONuxDisplay.cpp">
      <Filter>MOC\Release</Filter>
    </ClCompile>
    <ClCompile Include="IGONuxSmall.cpp">
      <Filter>Source Files</Filter>
    </ClCompile>
    <ClCompile Include="build\Debug\moc_IGONuxSmall.cpp">
      <Filter>MOC\Debug</Filter>
    </ClCompile>
    <ClCompile Include="build\Release\moc_IGONuxSmall.cpp">
      <Filter>MOC\Release</Filter>
    </ClCompile>
    <ClCompile Include="IGOWebBrowserJsHelper.cpp">
      <Filter>Source Files</Filter>
    </ClCompile>
    <ClCompile Include="build\Debug\moc_IGOWebBrowserJsHelper.cpp">
      <Filter>MOC\Debug</Filter>
    </ClCompile>
    <ClCompile Include="build\Release\moc_IGOWebBrowserJsHelper.cpp">
      <Filter>MOC\Release</Filter>
    </ClCompile>
  </ItemGroup>
  <ItemGroup>
    <ClInclude Include="..\IGO\Disasm\cpu.h">
      <Filter>Hooking\Disasm</Filter>
    </ClInclude>
    <ClInclude Include="..\IGO\Disasm\disasm.h">
      <Filter>Hooking\Disasm</Filter>
    </ClInclude>
    <ClInclude Include="..\IGO\Disasm\disasm_x86.h">
      <Filter>Hooking\Disasm</Filter>
    </ClInclude>
    <ClInclude Include="..\IGO\Disasm\disasm_x86_tables.h">
      <Filter>Hooking\Disasm</Filter>
    </ClInclude>
    <ClInclude Include="..\IGO\Disasm\misc.h">
      <Filter>Hooking\Disasm</Filter>
    </ClInclude>
    <ClInclude Include="..\IGO\Mhook\mhook.h">
      <Filter>Hooking\Mhook</Filter>
    </ClInclude>
    <ClInclude Include="..\IGO\HookAPI.h">
      <Filter>Header Files</Filter>
    </ClInclude>
    <ClInclude Include="IGOWindowManagerIPC.h">
      <Filter>Header Files</Filter>
    </ClInclude>
  </ItemGroup>
  <ItemGroup>
    <UI_Build_Rule Include="Forms\IGOWebBrowser.ui">
      <Filter>Forms</Filter>
    </UI_Build_Rule>
    <UI_Build_Rule Include="Forms\IGOTopBar.ui">
      <Filter>Forms</Filter>
    </UI_Build_Rule>
    <UI_Build_Rule Include="Forms\IGOBottomBar.ui">
      <Filter>Forms</Filter>
    </UI_Build_Rule>
    <UI_Build_Rule Include="Forms\IGONuxDisplay.ui">
      <Filter>Forms</Filter>
    </UI_Build_Rule>
    <UI_Build_Rule Include="Forms\IGONuxSmall.ui">
      <Filter>Forms</Filter>
    </UI_Build_Rule>
  </ItemGroup>
  <ItemGroup>
    <MOC_Compiler Include="IGOWebBrowser.h">
      <Filter>Header Files</Filter>
    </MOC_Compiler>
    <MOC_Compiler Include="IGOQtContainer.h">
      <Filter>Header Files</Filter>
    </MOC_Compiler>
    <MOC_Compiler Include="IGOWindowManager.h">
      <Filter>Header Files</Filter>
    </MOC_Compiler>
    <MOC_Compiler Include="IGOTopBar.h">
      <Filter>Header Files</Filter>
    </MOC_Compiler>
    <MOC_Compiler Include="IGOQWidget.h">
      <Filter>Header Files</Filter>
    </MOC_Compiler>
    <MOC_Compiler Include="IGOBottomBar.h">
      <Filter>Header Files</Filter>
    </MOC_Compiler>
    <MOC_Compiler Include="IGONuxDisplay.h">
      <Filter>Header Files</Filter>
    </MOC_Compiler>
    <MOC_Compiler Include="IGONuxSmall.h">
      <Filter>Header Files</Filter>
    </MOC_Compiler>
    <MOC_Compiler Include="IGOWebBrowserJsHelper.h">
      <Filter>Header Files</Filter>
    </MOC_Compiler>
  </ItemGroup>
</Project>
