<?xml version="1.0" encoding="utf-8"?>
<Project ToolsVersion="4.0" xmlns="http://schemas.microsoft.com/developer/msbuild/2003">
  <ItemGroup>
    <Filter Include="JDep">
      <UniqueIdentifier>{1d878c04-cd69-4c69-947f-dcebf1137fd7}</UniqueIdentifier>
    </Filter>
  </ItemGroup>
  <ItemGroup>
    <ClInclude Include="JDep\bChunk.hpp">
      <Filter>JDep</Filter>
    </ClInclude>
    <ClInclude Include="JDep\bWareHooks.hpp">
      <Filter>JDep</Filter>
    </ClInclude>
    <ClInclude Include="JDep\Cclist.h">
      <Filter>JDep</Filter>
    </ClInclude>
    <ClInclude Include="JDep\JCondition.h">
      <Filter>JDep</Filter>
    </ClInclude>
    <ClInclude Include="JDep\JDefine.h">
      <Filter>JDep</Filter>
    </ClInclude>
    <ClInclude Include="JDep\JDep.h">
      <Filter>JDep</Filter>
    </ClInclude>
    <ClInclude Include="JDep\JDepFile.h">
      <Filter>JDep</Filter>
    </ClInclude>
    <ClInclude Include="JDep\JExpression.h">
      <Filter>JDep</Filter>
    </ClInclude>
    <ClInclude Include="JDep\JFileFilter.h">
      <Filter>JDep</Filter>
    </ClInclude>
    <ClInclude Include="JDep\JPrefilteredFile.h">
      <Filter>JDep</Filter>
    </ClInclude>
    <ClInclude Include="JDep\JSearchCache.h">
      <Filter>JDep</Filter>
    </ClInclude>
    <ClInclude Include="JDep\stdafx.h">
      <Filter>JDep</Filter>
    </ClInclude>
    <ClInclude Include="JDep\StringClass.h">
      <Filter>JDep</Filter>
    </ClInclude>
    <ClInclude Include="JDep\Timer.h">
      <Filter>JDep</Filter>
    </ClInclude>
    <ClInclude Include="JDep\Tokenizer.h">
      <Filter>JDep</Filter>
    </ClInclude>
  </ItemGroup>
  <ItemGroup>
    <ClCompile Include="JDep\bCrc32.cpp">
      <Filter>JDep</Filter>
    </ClCompile>
    <ClCompile Include="JDep\bWareHooks.cpp">
      <Filter>JDep</Filter>
    </ClCompile>
    <ClCompile Include="JDep\Cclist.cpp">
      <Filter>JDep</Filter>
    </ClCompile>
    <ClCompile Include="JDep\DependencyGenerator.cpp">
      <Filter>JDep</Filter>
    </ClCompile>
    <ClCompile Include="JDep\JCondition.cpp">
      <Filter>JDep</Filter>
    </ClCompile>
    <ClCompile Include="JDep\JDefine.cpp">
      <Filter>JDep</Filter>
    </ClCompile>
    <ClCompile Include="JDep\JDep.cpp">
      <Filter>JDep</Filter>
    </ClCompile>
    <ClCompile Include="JDep\JDepFile.cpp">
      <Filter>JDep</Filter>
    </ClCompile>
    <ClCompile Include="JDep\JExpression.cpp">
      <Filter>JDep</Filter>
    </ClCompile>
    <ClCompile Include="JDep\JFileFilter.cpp">
      <Filter>JDep</Filter>
    </ClCompile>
    <ClCompile Include="JDep\JPrefilteredFile.cpp">
      <Filter>JDep</Filter>
    </ClCompile>
    <ClCompile Include="JDep\JSearchCache.cpp">
      <Filter>JDep</Filter>
    </ClCompile>
    <ClCompile Include="JDep\StringClass.cpp">
      <Filter>JDep</Filter>
    </ClCompile>
    <ClCompile Include="JDep\Tokenizer.cpp">
      <Filter>JDep</Filter>
    </ClCompile>
  </ItemGroup>
</Project>