
Microsoft Visual Studio Solution File, Format Version 12.00
# Visual Studio 2012
Project("{FAE04EC0-301F-11D3-BF4B-00C04F79EFBC}") = "EnvironmentMonitor", "EnvironmentMonitor\EnvironmentMonitor.csproj", "{EB78B498-E47A-4365-A511-28118A5F95CE}"
EndProject
Project("{FAE04EC0-301F-11D3-BF4B-00C04F79EFBC}") = "RestClient", "RestClient\RestClient.csproj", "{0050A21D-26C3-46EF-B05A-66D1E694B07E}"
EndProject
Global
	GlobalSection(SolutionConfigurationPlatforms) = preSolution
		Debug|Any CPU = Debug|Any CPU
		Release|Any CPU = Release|Any CPU
	EndGlobalSection
	GlobalSection(ProjectConfigurationPlatforms) = postSolution
		{EB78B498-E47A-4365-A511-28118A5F95CE}.Debug|Any CPU.ActiveCfg = Debug|Any CPU
		{EB78B498-E47A-4365-A511-28118A5F95CE}.Debug|Any CPU.Build.0 = Debug|Any CPU
		{EB78B498-E47A-4365-A511-28118A5F95CE}.Release|Any CPU.ActiveCfg = Release|Any CPU
		{EB78B498-E47A-4365-A511-28118A5F95CE}.Release|Any CPU.Build.0 = Release|Any CPU
		{0050A21D-26C3-46EF-B05A-66D1E694B07E}.Debug|Any CPU.ActiveCfg = Debug|Any CPU
		{0050A21D-26C3-46EF-B05A-66D1E694B07E}.Debug|Any CPU.Build.0 = Debug|Any CPU
		{0050A21D-26C3-46EF-B05A-66D1E694B07E}.Release|Any CPU.ActiveCfg = Release|Any CPU
		{0050A21D-26C3-46EF-B05A-66D1E694B07E}.Release|Any CPU.Build.0 = Release|Any CPU
	EndGlobalSection
	GlobalSection(SolutionProperties) = preSolution
		HideSolutionNode = FALSE
	EndGlobalSection
EndGlobal
