Microsoft Visual Studio Solution File, Format Version 12.00
# Visual Studio Version 16
VisualStudioVersion = 16.0.29306.81
MinimumVisualStudioVersion = 10.0.40219.1
Project("{2150E333-8FDC-42A3-9474-1A3956D46DE8}") = "EA.MSBuildTasks", "EA.MSBuildTasks", "{7076C42F-80A1-E70B-FBF3-A09164553256}"
EndProject
Project("{2150E333-8FDC-42A3-9474-1A3956D46DE8}") = "EA.PackageSystem", "EA.PackageSystem", "{90967B4D-AD5A-8D0B-D54B-C989E0B1E6B7}"
EndProject
Project("{2150E333-8FDC-42A3-9474-1A3956D46DE8}") = "EA.Tools", "EA.Tools", "{B812FBF1-F254-17E9-BF82-052FFCF99984}"
EndProject
Project("{9A19103F-16F7-4668-BE54-9A1E7A4F7556}") = "nant", "source\nant\nant.csproj", "{7719BD14-7100-DA4A-5BCB-5D5F2EED647E}"
	ProjectSection(ProjectDependencies) = postProject
		{A27DC6D3-7CF7-4DA7-B7BF-8AD2FF1E57EB} = {A27DC6D3-7CF7-4DA7-B7BF-8AD2FF1E57EB}
	EndProjectSection
EndProject
Project("{9A19103F-16F7-4668-BE54-9A1E7A4F7556}") = "EA.Tasks", "source\EA.Tasks\EA.Tasks.csproj", "{20919EB7-879E-16BB-80F8-961455185DF9}"
EndProject
Project("{9A19103F-16F7-4668-BE54-9A1E7A4F7556}") = "EAAssemblyResolver", "source\EAAssemblyResolver\EAAssemblyResolver.csproj", "{49FBDB87-36F8-C86D-53F5-3C0738714281}"
EndProject
Project("{9A19103F-16F7-4668-BE54-9A1E7A4F7556}") = "eapm", "source\EA.PackageSystem\eapm\eapm.csproj", "{FC94B49E-D0A7-A451-1332-6F828252FD4B}"
EndProject
Project("{9A19103F-16F7-4668-BE54-9A1E7A4F7556}") = "EAPresentationBuildTasks", "source\EAPresentationBuildTasks\EAPresentationBuildTasks.csproj", "{BF84ABFF-47C0-09B7-F5C7-E22702B1C094}"
EndProject
Project("{9A19103F-16F7-4668-BE54-9A1E7A4F7556}") = "FrameworkCopyWithAttributes", "source\EA.MSBuildTasks\FrameworkCopyWithAttributes\FrameworkCopyWithAttributes.csproj", "{C2E416AD-1375-2462-3444-F021E6B43931}"
EndProject
Project("{9A19103F-16F7-4668-BE54-9A1E7A4F7556}") = "MaybePreserveImportLibraryTimestamp", "source\EA.MSBuildTasks\MaybePreserveImportLibraryTimestamp\MaybePreserveImportLibraryTimestamp.csproj", "{B0A1F2CD-1E6C-CE39-F206-FDA1BA65358B}"
EndProject
Project("{9A19103F-16F7-4668-BE54-9A1E7A4F7556}") = "mkdir", "source\EA.Tools\mkdir\mkdir.csproj", "{BB9DC8D1-E4D2-75EF-9C37-D3E0B94E7327}"
EndProject
Project("{9A19103F-16F7-4668-BE54-9A1E7A4F7556}") = "NAnt.Authentication", "source\NAnt.Authentication\NAnt.Authentication.csproj", "{2E1CAD46-EA85-D92C-55CD-1213EB1EA94E}"
EndProject
Project("{9A19103F-16F7-4668-BE54-9A1E7A4F7556}") = "NAnt.Core", "source\NAnt.Core\NAnt.Core.csproj", "{312EDA38-596A-A79C-76F0-418044168C11}"
EndProject
Project("{9A19103F-16F7-4668-BE54-9A1E7A4F7556}") = "NAnt.Perforce", "source\NAnt.Perforce\NAnt.Perforce.csproj", "{19119939-7892-910F-8C1E-545D987F033E}"
EndProject
Project("{9A19103F-16F7-4668-BE54-9A1E7A4F7556}") = "NAnt.Perforce.ConnectionManagement", "source\NAnt.Perforce.ConnectionManagement\NAnt.Perforce.ConnectionManagement.csproj", "{8FBC0062-3BFD-D6E2-44D6-DA245E90CEEE}"
EndProject
Project("{9A19103F-16F7-4668-BE54-9A1E7A4F7556}") = "NAnt.Tasks", "source\NAnt.Tasks\NAnt.Tasks.csproj", "{9059A5B0-F922-8DD8-B1D0-D405FA5438EC}"
EndProject
Project("{9A19103F-16F7-4668-BE54-9A1E7A4F7556}") = "NAnt.TelemetryClient", "source\NAnt.TelemetryClient\NAnt.TelemetryClient.csproj", "{2B7FE40B-40AC-8351-3967-D99787F27E98}"
EndProject
Project("{9A19103F-16F7-4668-BE54-9A1E7A4F7556}") = "ProtocolPackageServer", "source\EA.PackageSystem\ProtocolPackageServer\ProtocolPackageServer.csproj", "{4D5837CA-A3BB-2346-4F54-252094D20E05}"
EndProject
Project("{9A19103F-16F7-4668-BE54-9A1E7A4F7556}") = "rmdir", "source\EA.Tools\rmdir\rmdir.csproj", "{00E3D113-AD5A-32D9-6E25-C21C2579CACC}"
EndProject
Project("{9A19103F-16F7-4668-BE54-9A1E7A4F7556}") = "WebServicePackageServer", "source\EA.PackageSystem\WebServicePackageServer\WebServicePackageServer.csproj", "{1354B69B-4D6A-8DEE-ACBC-73BAAE0045D2}"
EndProject
Project("{9A19103F-16F7-4668-BE54-9A1E7A4F7556}") = "copy", "source\EA.Tools\copy\copy.csproj", "{D3B7378A-7356-44CF-9817-C489E5DE8C6E}"
EndProject
Project("{2150E333-8FDC-42A3-9474-1A3956D46DE8}") = "Docs", "Docs", "{B569E7B7-841F-4957-B291-15450015AF73}"
	ProjectSection(SolutionItems) = preProject
		changelog.md = changelog.md
	EndProjectSection
EndProject
Project("{9A19103F-16F7-4668-BE54-9A1E7A4F7556}") = "CredentialManager", "source\EA.PackageSystem\CredentialManager\CredentialManager.csproj", "{2B10D39C-19C1-4C48-BF9B-8830C5289B08}"
EndProject
Project("{2150E333-8FDC-42A3-9474-1A3956D46DE8}") = "Tests", "Tests", "{8540AED6-1FD4-4B39-B352-DEE2B4C03DD3}"
EndProject
Project("{9A19103F-16F7-4668-BE54-9A1E7A4F7556}") = "NAnt.UnitTests", "source\NAnt.UnitTests\NAnt.UnitTests.csproj", "{3EFB9FBC-335C-4638-BE65-829A09D35A85}"
EndProject
Project("{9A19103F-16F7-4668-BE54-9A1E7A4F7556}") = "NAnt.FunctionalTests", "source\NAnt.FunctionalTests\NAnt.FunctionalTests.csproj", "{D17174DD-C5C6-4168-97D4-1802F0C3CEB9}"
EndProject
Project("{9A19103F-16F7-4668-BE54-9A1E7A4F7556}") = "NAnt.FunctionalTests2", "source\NAnt.FunctionalTests2\NAnt.FunctionalTests2.csproj", "{D85E628D-CA40-46AE-88E8-D15322FB9757}"
EndProject
Project("{9A19103F-16F7-4668-BE54-9A1E7A4F7556}") = "NAnt.Intellisense", "source\NAnt.Intellisense\NAnt.Intellisense.csproj", "{F4BA1ABF-0424-4FB0-9F88-CE4727EA2EA8}"
EndProject
Project("{9A19103F-16F7-4668-BE54-9A1E7A4F7556}") = "SnowCache", "source\EA.MSBuildTasks\SnowCache\SnowCache.csproj", "{737BC0AC-98B5-46C7-98D0-8D23F0A11A6E}"
EndProject
Project("{9A19103F-16F7-4668-BE54-9A1E7A4F7556}") = "FwCodeDocToMd", "source\FwCodeDocToMd\FwCodeDocToMd.csproj", "{E4F3C275-F34A-4E86-9646-5435F07E8967}"
EndProject
Project("{9A19103F-16F7-4668-BE54-9A1E7A4F7556}") = "cl_wrapper", "source\EA.Tools\cl_wrapper\cl_wrapper.csproj", "{2ACEA892-8C73-4F62-9B73-22804E2B76E0}"
EndProject
Project("{9A19103F-16F7-4668-BE54-9A1E7A4F7556}") = "ml_wrapper", "source\EA.Tools\ml_wrapper\ml_wrapper.csproj", "{90A15555-56B4-4574-852E-ABC862F692BB}"
EndProject
Project("{9A19103F-16F7-4668-BE54-9A1E7A4F7556}") = "eaconfig", "eaconfig\eaconfig.csproj", "{F7121081-1CA0-4FEE-BA99-2184DD743BAE}"
EndProject
Project("{2150E333-8FDC-42A3-9474-1A3956D46DE8}") = "data", "data", "{2DE5A06E-FD7E-49AE-A569-A5209CEE0A5A}"
	ProjectSection(SolutionItems) = preProject
		data\FrameworkMsbuild.props = data\FrameworkMsbuild.props
		data\FrameworkMsbuild.tasks = data\FrameworkMsbuild.tasks
		data\intellisense_undef_win.h = data\intellisense_undef_win.h
		data\options_msbuild.xml = data\options_msbuild.xml
	EndProjectSection
EndProject
Project("{9A19103F-16F7-4668-BE54-9A1E7A4F7556}") = "NAnt.LangTools", "source\NAnt.LangTools\NAnt.LangTools.csproj", "{D0CBF99B-614C-48D6-93B4-B3B041AC0619}"
EndProject
Project("{9A19103F-16F7-4668-BE54-9A1E7A4F7556}") = "NAnt.LangTools.FunctionalTests", "source\NAnt.LangTools.FunctionalTests\NAnt.LangTools.FunctionalTests.csproj", "{0335478F-23E2-4CE2-81A3-19D1C4A3C829}"
EndProject
Project("{9A19103F-16F7-4668-BE54-9A1E7A4F7556}") = "NAnt.LangTools.UnitTests", "source\NAnt.LangTools.UnitTests\NAnt.LangTools.UnitTests.csproj", "{68756694-A252-4E88-94D7-9A10933B1B8F}"
EndProject
Project("{9A19103F-16F7-4668-BE54-9A1E7A4F7556}") = "stadia_copy", "source\EA.Tools\stadia_copy\stadia_copy.csproj", "{A27DC6D3-7CF7-4DA7-B7BF-8AD2FF1E57EB}"
EndProject
Project("{9A19103F-16F7-4668-BE54-9A1E7A4F7556}") = "NAnt.NuGet", "source\NAnt.NuGet\NAnt.NuGet.csproj", "{C560FBBC-62FB-4EA3-9F75-AAC194A011C3}"
EndProject
Global
	GlobalSection(SolutionConfigurationPlatforms) = preSolution
		Debug|AnyCPU = Debug|AnyCPU
		Release|AnyCPU = Release|AnyCPU
	EndGlobalSection
	GlobalSection(ProjectConfigurationPlatforms) = postSolution
		{7719BD14-7100-DA4A-5BCB-5D5F2EED647E}.Debug|AnyCPU.ActiveCfg = Debug|Any CPU
		{7719BD14-7100-DA4A-5BCB-5D5F2EED647E}.Debug|AnyCPU.Build.0 = Debug|Any CPU
		{7719BD14-7100-DA4A-5BCB-5D5F2EED647E}.Release|AnyCPU.ActiveCfg = Release|Any CPU
		{7719BD14-7100-DA4A-5BCB-5D5F2EED647E}.Release|AnyCPU.Build.0 = Release|Any CPU
		{20919EB7-879E-16BB-80F8-961455185DF9}.Debug|AnyCPU.ActiveCfg = Debug|Any CPU
		{20919EB7-879E-16BB-80F8-961455185DF9}.Debug|AnyCPU.Build.0 = Debug|Any CPU
		{20919EB7-879E-16BB-80F8-961455185DF9}.Release|AnyCPU.ActiveCfg = Release|Any CPU
		{20919EB7-879E-16BB-80F8-961455185DF9}.Release|AnyCPU.Build.0 = Release|Any CPU
		{49FBDB87-36F8-C86D-53F5-3C0738714281}.Debug|AnyCPU.ActiveCfg = Debug|Any CPU
		{49FBDB87-36F8-C86D-53F5-3C0738714281}.Debug|AnyCPU.Build.0 = Debug|Any CPU
		{49FBDB87-36F8-C86D-53F5-3C0738714281}.Release|AnyCPU.ActiveCfg = Release|Any CPU
		{49FBDB87-36F8-C86D-53F5-3C0738714281}.Release|AnyCPU.Build.0 = Release|Any CPU
		{FC94B49E-D0A7-A451-1332-6F828252FD4B}.Debug|AnyCPU.ActiveCfg = Debug|Any CPU
		{FC94B49E-D0A7-A451-1332-6F828252FD4B}.Debug|AnyCPU.Build.0 = Debug|Any CPU
		{FC94B49E-D0A7-A451-1332-6F828252FD4B}.Release|AnyCPU.ActiveCfg = Release|Any CPU
		{FC94B49E-D0A7-A451-1332-6F828252FD4B}.Release|AnyCPU.Build.0 = Release|Any CPU
		{BF84ABFF-47C0-09B7-F5C7-E22702B1C094}.Debug|AnyCPU.ActiveCfg = Debug|Any CPU
		{BF84ABFF-47C0-09B7-F5C7-E22702B1C094}.Debug|AnyCPU.Build.0 = Debug|Any CPU
		{BF84ABFF-47C0-09B7-F5C7-E22702B1C094}.Release|AnyCPU.ActiveCfg = Release|Any CPU
		{BF84ABFF-47C0-09B7-F5C7-E22702B1C094}.Release|AnyCPU.Build.0 = Release|Any CPU
		{C2E416AD-1375-2462-3444-F021E6B43931}.Debug|AnyCPU.ActiveCfg = Debug|Any CPU
		{C2E416AD-1375-2462-3444-F021E6B43931}.Debug|AnyCPU.Build.0 = Debug|Any CPU
		{C2E416AD-1375-2462-3444-F021E6B43931}.Release|AnyCPU.ActiveCfg = Release|Any CPU
		{C2E416AD-1375-2462-3444-F021E6B43931}.Release|AnyCPU.Build.0 = Release|Any CPU
		{B0A1F2CD-1E6C-CE39-F206-FDA1BA65358B}.Debug|AnyCPU.ActiveCfg = Debug|Any CPU
		{B0A1F2CD-1E6C-CE39-F206-FDA1BA65358B}.Debug|AnyCPU.Build.0 = Debug|Any CPU
		{B0A1F2CD-1E6C-CE39-F206-FDA1BA65358B}.Release|AnyCPU.ActiveCfg = Release|Any CPU
		{B0A1F2CD-1E6C-CE39-F206-FDA1BA65358B}.Release|AnyCPU.Build.0 = Release|Any CPU
		{BB9DC8D1-E4D2-75EF-9C37-D3E0B94E7327}.Debug|AnyCPU.ActiveCfg = Debug|Any CPU
		{BB9DC8D1-E4D2-75EF-9C37-D3E0B94E7327}.Debug|AnyCPU.Build.0 = Debug|Any CPU
		{BB9DC8D1-E4D2-75EF-9C37-D3E0B94E7327}.Release|AnyCPU.ActiveCfg = Release|Any CPU
		{BB9DC8D1-E4D2-75EF-9C37-D3E0B94E7327}.Release|AnyCPU.Build.0 = Release|Any CPU
		{2E1CAD46-EA85-D92C-55CD-1213EB1EA94E}.Debug|AnyCPU.ActiveCfg = Debug|Any CPU
		{2E1CAD46-EA85-D92C-55CD-1213EB1EA94E}.Debug|AnyCPU.Build.0 = Debug|Any CPU
		{2E1CAD46-EA85-D92C-55CD-1213EB1EA94E}.Release|AnyCPU.ActiveCfg = Release|Any CPU
		{2E1CAD46-EA85-D92C-55CD-1213EB1EA94E}.Release|AnyCPU.Build.0 = Release|Any CPU
		{312EDA38-596A-A79C-76F0-418044168C11}.Debug|AnyCPU.ActiveCfg = Debug|Any CPU
		{312EDA38-596A-A79C-76F0-418044168C11}.Debug|AnyCPU.Build.0 = Debug|Any CPU
		{312EDA38-596A-A79C-76F0-418044168C11}.Release|AnyCPU.ActiveCfg = Release|Any CPU
		{312EDA38-596A-A79C-76F0-418044168C11}.Release|AnyCPU.Build.0 = Release|Any CPU
		{19119939-7892-910F-8C1E-545D987F033E}.Debug|AnyCPU.ActiveCfg = Debug|Any CPU
		{19119939-7892-910F-8C1E-545D987F033E}.Debug|AnyCPU.Build.0 = Debug|Any CPU
		{19119939-7892-910F-8C1E-545D987F033E}.Release|AnyCPU.ActiveCfg = Release|Any CPU
		{19119939-7892-910F-8C1E-545D987F033E}.Release|AnyCPU.Build.0 = Release|Any CPU
		{8FBC0062-3BFD-D6E2-44D6-DA245E90CEEE}.Debug|AnyCPU.ActiveCfg = Debug|Any CPU
		{8FBC0062-3BFD-D6E2-44D6-DA245E90CEEE}.Debug|AnyCPU.Build.0 = Debug|Any CPU
		{8FBC0062-3BFD-D6E2-44D6-DA245E90CEEE}.Release|AnyCPU.ActiveCfg = Release|Any CPU
		{8FBC0062-3BFD-D6E2-44D6-DA245E90CEEE}.Release|AnyCPU.Build.0 = Release|Any CPU
		{9059A5B0-F922-8DD8-B1D0-D405FA5438EC}.Debug|AnyCPU.ActiveCfg = Debug|Any CPU
		{9059A5B0-F922-8DD8-B1D0-D405FA5438EC}.Debug|AnyCPU.Build.0 = Debug|Any CPU
		{9059A5B0-F922-8DD8-B1D0-D405FA5438EC}.Release|AnyCPU.ActiveCfg = Release|Any CPU
		{9059A5B0-F922-8DD8-B1D0-D405FA5438EC}.Release|AnyCPU.Build.0 = Release|Any CPU
		{2B7FE40B-40AC-8351-3967-D99787F27E98}.Debug|AnyCPU.ActiveCfg = Debug|Any CPU
		{2B7FE40B-40AC-8351-3967-D99787F27E98}.Debug|AnyCPU.Build.0 = Debug|Any CPU
		{2B7FE40B-40AC-8351-3967-D99787F27E98}.Release|AnyCPU.ActiveCfg = Release|Any CPU
		{2B7FE40B-40AC-8351-3967-D99787F27E98}.Release|AnyCPU.Build.0 = Release|Any CPU
		{4D5837CA-A3BB-2346-4F54-252094D20E05}.Debug|AnyCPU.ActiveCfg = Debug|Any CPU
		{4D5837CA-A3BB-2346-4F54-252094D20E05}.Debug|AnyCPU.Build.0 = Debug|Any CPU
		{4D5837CA-A3BB-2346-4F54-252094D20E05}.Release|AnyCPU.ActiveCfg = Release|Any CPU
		{4D5837CA-A3BB-2346-4F54-252094D20E05}.Release|AnyCPU.Build.0 = Release|Any CPU
		{00E3D113-AD5A-32D9-6E25-C21C2579CACC}.Debug|AnyCPU.ActiveCfg = Debug|Any CPU
		{00E3D113-AD5A-32D9-6E25-C21C2579CACC}.Debug|AnyCPU.Build.0 = Debug|Any CPU
		{00E3D113-AD5A-32D9-6E25-C21C2579CACC}.Release|AnyCPU.ActiveCfg = Release|Any CPU
		{00E3D113-AD5A-32D9-6E25-C21C2579CACC}.Release|AnyCPU.Build.0 = Release|Any CPU
		{1354B69B-4D6A-8DEE-ACBC-73BAAE0045D2}.Debug|AnyCPU.ActiveCfg = Debug|Any CPU
		{1354B69B-4D6A-8DEE-ACBC-73BAAE0045D2}.Debug|AnyCPU.Build.0 = Debug|Any CPU
		{1354B69B-4D6A-8DEE-ACBC-73BAAE0045D2}.Release|AnyCPU.ActiveCfg = Release|Any CPU
		{1354B69B-4D6A-8DEE-ACBC-73BAAE0045D2}.Release|AnyCPU.Build.0 = Release|Any CPU
		{D3B7378A-7356-44CF-9817-C489E5DE8C6E}.Debug|AnyCPU.ActiveCfg = Debug|Any CPU
		{D3B7378A-7356-44CF-9817-C489E5DE8C6E}.Debug|AnyCPU.Build.0 = Debug|Any CPU
		{D3B7378A-7356-44CF-9817-C489E5DE8C6E}.Release|AnyCPU.ActiveCfg = Release|Any CPU
		{D3B7378A-7356-44CF-9817-C489E5DE8C6E}.Release|AnyCPU.Build.0 = Release|Any CPU
		{2B10D39C-19C1-4C48-BF9B-8830C5289B08}.Debug|AnyCPU.ActiveCfg = Debug|Any CPU
		{2B10D39C-19C1-4C48-BF9B-8830C5289B08}.Debug|AnyCPU.Build.0 = Debug|Any CPU
		{2B10D39C-19C1-4C48-BF9B-8830C5289B08}.Release|AnyCPU.ActiveCfg = Release|Any CPU
		{2B10D39C-19C1-4C48-BF9B-8830C5289B08}.Release|AnyCPU.Build.0 = Release|Any CPU
		{3EFB9FBC-335C-4638-BE65-829A09D35A85}.Debug|AnyCPU.ActiveCfg = Debug|Any CPU
		{3EFB9FBC-335C-4638-BE65-829A09D35A85}.Debug|AnyCPU.Build.0 = Debug|Any CPU
		{3EFB9FBC-335C-4638-BE65-829A09D35A85}.Release|AnyCPU.ActiveCfg = Release|Any CPU
		{3EFB9FBC-335C-4638-BE65-829A09D35A85}.Release|AnyCPU.Build.0 = Release|Any CPU
		{D17174DD-C5C6-4168-97D4-1802F0C3CEB9}.Debug|AnyCPU.ActiveCfg = Debug|Any CPU
		{D17174DD-C5C6-4168-97D4-1802F0C3CEB9}.Debug|AnyCPU.Build.0 = Debug|Any CPU
		{D17174DD-C5C6-4168-97D4-1802F0C3CEB9}.Release|AnyCPU.ActiveCfg = Release|Any CPU
		{D17174DD-C5C6-4168-97D4-1802F0C3CEB9}.Release|AnyCPU.Build.0 = Release|Any CPU
		{D85E628D-CA40-46AE-88E8-D15322FB9757}.Debug|AnyCPU.ActiveCfg = Debug|Any CPU
		{D85E628D-CA40-46AE-88E8-D15322FB9757}.Debug|AnyCPU.Build.0 = Debug|Any CPU
		{D85E628D-CA40-46AE-88E8-D15322FB9757}.Release|AnyCPU.ActiveCfg = Release|Any CPU
		{D85E628D-CA40-46AE-88E8-D15322FB9757}.Release|AnyCPU.Build.0 = Release|Any CPU
		{F4BA1ABF-0424-4FB0-9F88-CE4727EA2EA8}.Debug|AnyCPU.ActiveCfg = Debug|Any CPU
		{F4BA1ABF-0424-4FB0-9F88-CE4727EA2EA8}.Debug|AnyCPU.Build.0 = Debug|Any CPU
		{F4BA1ABF-0424-4FB0-9F88-CE4727EA2EA8}.Release|AnyCPU.ActiveCfg = Release|Any CPU
		{F4BA1ABF-0424-4FB0-9F88-CE4727EA2EA8}.Release|AnyCPU.Build.0 = Release|Any CPU
		{737BC0AC-98B5-46C7-98D0-8D23F0A11A6E}.Debug|AnyCPU.ActiveCfg = Debug|Any CPU
		{737BC0AC-98B5-46C7-98D0-8D23F0A11A6E}.Debug|AnyCPU.Build.0 = Debug|Any CPU
		{737BC0AC-98B5-46C7-98D0-8D23F0A11A6E}.Release|AnyCPU.ActiveCfg = Release|Any CPU
		{737BC0AC-98B5-46C7-98D0-8D23F0A11A6E}.Release|AnyCPU.Build.0 = Release|Any CPU
		{E4F3C275-F34A-4E86-9646-5435F07E8967}.Debug|AnyCPU.ActiveCfg = Debug|Any CPU
		{E4F3C275-F34A-4E86-9646-5435F07E8967}.Debug|AnyCPU.Build.0 = Debug|Any CPU
		{E4F3C275-F34A-4E86-9646-5435F07E8967}.Release|AnyCPU.ActiveCfg = Release|Any CPU
		{E4F3C275-F34A-4E86-9646-5435F07E8967}.Release|AnyCPU.Build.0 = Release|Any CPU
		{2ACEA892-8C73-4F62-9B73-22804E2B76E0}.Debug|AnyCPU.ActiveCfg = Debug|Any CPU
		{2ACEA892-8C73-4F62-9B73-22804E2B76E0}.Debug|AnyCPU.Build.0 = Debug|Any CPU
		{2ACEA892-8C73-4F62-9B73-22804E2B76E0}.Release|AnyCPU.ActiveCfg = Release|Any CPU
		{2ACEA892-8C73-4F62-9B73-22804E2B76E0}.Release|AnyCPU.Build.0 = Release|Any CPU
		{90A15555-56B4-4574-852E-ABC862F692BB}.Debug|AnyCPU.ActiveCfg = Debug|Any CPU
		{90A15555-56B4-4574-852E-ABC862F692BB}.Debug|AnyCPU.Build.0 = Debug|Any CPU
		{90A15555-56B4-4574-852E-ABC862F692BB}.Release|AnyCPU.ActiveCfg = Release|Any CPU
		{90A15555-56B4-4574-852E-ABC862F692BB}.Release|AnyCPU.Build.0 = Release|Any CPU
		{F7121081-1CA0-4FEE-BA99-2184DD743BAE}.Debug|AnyCPU.ActiveCfg = Debug|Any CPU
		{F7121081-1CA0-4FEE-BA99-2184DD743BAE}.Debug|AnyCPU.Build.0 = Debug|Any CPU
		{F7121081-1CA0-4FEE-BA99-2184DD743BAE}.Release|AnyCPU.ActiveCfg = Release|Any CPU
		{F7121081-1CA0-4FEE-BA99-2184DD743BAE}.Release|AnyCPU.Build.0 = Release|Any CPU
		{D0CBF99B-614C-48D6-93B4-B3B041AC0619}.Debug|AnyCPU.ActiveCfg = Debug|Any CPU
		{D0CBF99B-614C-48D6-93B4-B3B041AC0619}.Debug|AnyCPU.Build.0 = Debug|Any CPU
		{D0CBF99B-614C-48D6-93B4-B3B041AC0619}.Release|AnyCPU.ActiveCfg = Release|Any CPU
		{D0CBF99B-614C-48D6-93B4-B3B041AC0619}.Release|AnyCPU.Build.0 = Release|Any CPU
		{0335478F-23E2-4CE2-81A3-19D1C4A3C829}.Debug|AnyCPU.ActiveCfg = Debug|Any CPU
		{0335478F-23E2-4CE2-81A3-19D1C4A3C829}.Debug|AnyCPU.Build.0 = Debug|Any CPU
		{0335478F-23E2-4CE2-81A3-19D1C4A3C829}.Release|AnyCPU.ActiveCfg = Release|Any CPU
		{0335478F-23E2-4CE2-81A3-19D1C4A3C829}.Release|AnyCPU.Build.0 = Release|Any CPU
		{68756694-A252-4E88-94D7-9A10933B1B8F}.Debug|AnyCPU.ActiveCfg = Debug|Any CPU
		{68756694-A252-4E88-94D7-9A10933B1B8F}.Debug|AnyCPU.Build.0 = Debug|Any CPU
		{68756694-A252-4E88-94D7-9A10933B1B8F}.Release|AnyCPU.ActiveCfg = Release|Any CPU
		{68756694-A252-4E88-94D7-9A10933B1B8F}.Release|AnyCPU.Build.0 = Release|Any CPU
		{A27DC6D3-7CF7-4DA7-B7BF-8AD2FF1E57EB}.Debug|AnyCPU.ActiveCfg = Debug|Any CPU
		{A27DC6D3-7CF7-4DA7-B7BF-8AD2FF1E57EB}.Debug|AnyCPU.Build.0 = Debug|Any CPU
		{A27DC6D3-7CF7-4DA7-B7BF-8AD2FF1E57EB}.Release|AnyCPU.ActiveCfg = Release|Any CPU
		{A27DC6D3-7CF7-4DA7-B7BF-8AD2FF1E57EB}.Release|AnyCPU.Build.0 = Release|Any CPU
		{C560FBBC-62FB-4EA3-9F75-AAC194A011C3}.Debug|AnyCPU.ActiveCfg = Debug|Any CPU
		{C560FBBC-62FB-4EA3-9F75-AAC194A011C3}.Debug|AnyCPU.Build.0 = Debug|Any CPU
		{C560FBBC-62FB-4EA3-9F75-AAC194A011C3}.Release|AnyCPU.ActiveCfg = Release|Any CPU
		{C560FBBC-62FB-4EA3-9F75-AAC194A011C3}.Release|AnyCPU.Build.0 = Release|Any CPU
	EndGlobalSection
	GlobalSection(SolutionProperties) = preSolution
		HideSolutionNode = FALSE
	EndGlobalSection
	GlobalSection(NestedProjects) = preSolution
		{49FBDB87-36F8-C86D-53F5-3C0738714281} = {7076C42F-80A1-E70B-FBF3-A09164553256}
		{FC94B49E-D0A7-A451-1332-6F828252FD4B} = {90967B4D-AD5A-8D0B-D54B-C989E0B1E6B7}
		{BF84ABFF-47C0-09B7-F5C7-E22702B1C094} = {7076C42F-80A1-E70B-FBF3-A09164553256}
		{C2E416AD-1375-2462-3444-F021E6B43931} = {7076C42F-80A1-E70B-FBF3-A09164553256}
		{B0A1F2CD-1E6C-CE39-F206-FDA1BA65358B} = {7076C42F-80A1-E70B-FBF3-A09164553256}
		{BB9DC8D1-E4D2-75EF-9C37-D3E0B94E7327} = {B812FBF1-F254-17E9-BF82-052FFCF99984}
		{2E1CAD46-EA85-D92C-55CD-1213EB1EA94E} = {90967B4D-AD5A-8D0B-D54B-C989E0B1E6B7}
		{8FBC0062-3BFD-D6E2-44D6-DA245E90CEEE} = {90967B4D-AD5A-8D0B-D54B-C989E0B1E6B7}
		{4D5837CA-A3BB-2346-4F54-252094D20E05} = {90967B4D-AD5A-8D0B-D54B-C989E0B1E6B7}
		{00E3D113-AD5A-32D9-6E25-C21C2579CACC} = {B812FBF1-F254-17E9-BF82-052FFCF99984}
		{1354B69B-4D6A-8DEE-ACBC-73BAAE0045D2} = {90967B4D-AD5A-8D0B-D54B-C989E0B1E6B7}
		{D3B7378A-7356-44CF-9817-C489E5DE8C6E} = {B812FBF1-F254-17E9-BF82-052FFCF99984}
		{2B10D39C-19C1-4C48-BF9B-8830C5289B08} = {90967B4D-AD5A-8D0B-D54B-C989E0B1E6B7}
		{3EFB9FBC-335C-4638-BE65-829A09D35A85} = {8540AED6-1FD4-4B39-B352-DEE2B4C03DD3}
		{D17174DD-C5C6-4168-97D4-1802F0C3CEB9} = {8540AED6-1FD4-4B39-B352-DEE2B4C03DD3}
		{D85E628D-CA40-46AE-88E8-D15322FB9757} = {8540AED6-1FD4-4B39-B352-DEE2B4C03DD3}
		{737BC0AC-98B5-46C7-98D0-8D23F0A11A6E} = {7076C42F-80A1-E70B-FBF3-A09164553256}
		{2ACEA892-8C73-4F62-9B73-22804E2B76E0} = {B812FBF1-F254-17E9-BF82-052FFCF99984}
		{90A15555-56B4-4574-852E-ABC862F692BB} = {B812FBF1-F254-17E9-BF82-052FFCF99984}
		{0335478F-23E2-4CE2-81A3-19D1C4A3C829} = {8540AED6-1FD4-4B39-B352-DEE2B4C03DD3}
		{68756694-A252-4E88-94D7-9A10933B1B8F} = {8540AED6-1FD4-4B39-B352-DEE2B4C03DD3}
		{A27DC6D3-7CF7-4DA7-B7BF-8AD2FF1E57EB} = {B812FBF1-F254-17E9-BF82-052FFCF99984}
	EndGlobalSection
	GlobalSection(ExtensibilityGlobals) = postSolution
		SolutionGuid = {02A9FA47-6A9B-4C8B-A78D-3CF70EA642AC}
	EndGlobalSection
EndGlobal
