<?xml version="1.0" encoding="utf-8"?>
<Project ToolsVersion="4.0" xmlns="http://schemas.microsoft.com/developer/msbuild/2003">
  <ItemGroup>
    <Filter Include="Source Files">
      <UniqueIdentifier>{4FC737F1-C7A5-4376-A066-2A32D752A2FF}</UniqueIdentifier>
      <Extensions>cpp;c;cc;cxx;def;odl;idl;hpj;bat;asm;asmx</Extensions>
    </Filter>
    <Filter Include="Header Files">
      <UniqueIdentifier>{93995380-89BD-4b04-88EB-625FBE52EBFB}</UniqueIdentifier>
      <Extensions>h;hpp;hxx;hm;inl;inc;xsd</Extensions>
    </Filter>
    <Filter Include="Resource Files">
      <UniqueIdentifier>{67DA6AB6-F800-4c08-8B7A-83BB121AAD01}</UniqueIdentifier>
      <Extensions>rc;ico;cur;bmp;dlg;rc2;rct;bin;rgs;gif;jpg;jpeg;jpe;resx;tiff;tif;png;wav;mfcribbon-ms</Extensions>
    </Filter>
    <Filter Include="Resource Files\Lang">
      <UniqueIdentifier>{c3e25f6f-9c45-46a1-bd41-9d7c2253ba4f}</UniqueIdentifier>
    </Filter>
    <Filter Include="Resource Files\EULAs">
      <UniqueIdentifier>{2f37c1ee-1045-479a-9775-f3af9fe728ca}</UniqueIdentifier>
    </Filter>
  </ItemGroup>
  <ItemGroup>
    <ClCompile Include="Downloader.cpp">
      <Filter>Source Files</Filter>
    </ClCompile>
    <ClCompile Include="Unpacker.cpp">
      <Filter>Source Files</Filter>
    </ClCompile>
    <ClCompile Include="Registration.cpp">
      <Filter>Source Files</Filter>
    </ClCompile>
    <ClCompile Include="AppRunDetector.cpp">
      <Filter>Source Files</Filter>
    </ClCompile>
    <ClCompile Include="main.cpp">
      <Filter>Source Files</Filter>
    </ClCompile>
    <ClCompile Include="Locale.cpp">
      <Filter>Source Files</Filter>
    </ClCompile>
    <ClCompile Include="Updater.cpp">
      <Filter>Source Files</Filter>
    </ClCompile>
  </ItemGroup>
  <ItemGroup>
    <ClInclude Include="Downloader.h">
      <Filter>Header Files</Filter>
    </ClInclude>
    <ClInclude Include="Registration.h">
      <Filter>Header Files</Filter>
    </ClInclude>
    <ClInclude Include="Resource.h">
      <Filter>Header Files</Filter>
    </ClInclude>
    <ClInclude Include="AppRunDetector.h">
      <Filter>Header Files</Filter>
    </ClInclude>
    <ClInclude Include="Unpacker.h">
      <Filter>Header Files</Filter>
    </ClInclude>
    <ClInclude Include="Locale.h">
      <Filter>Header Files</Filter>
    </ClInclude>
    <ClInclude Include="Updater.h">
      <Filter>Header Files</Filter>
    </ClInclude>
    <ClInclude Include="EULA.h">
      <Filter>Header Files</Filter>
    </ClInclude>
  </ItemGroup>
  <ItemGroup>
    <ResourceCompile Include="OriginBootstrap.rc">
      <Filter>Resource Files</Filter>
    </ResourceCompile>
  </ItemGroup>
  <ItemGroup>
    <None Include="Resources\icon.ico">
      <Filter>Resource Files</Filter>
    </None>
    <None Include="Resources\Settings.xml">
      <Filter>Resource Files</Filter>
    </None>
    <None Include="Resources\lang\BootstrapStrings_cs_CZ.xml">
      <Filter>Resource Files\Lang</Filter>
    </None>
    <None Include="Resources\lang\BootstrapStrings_zh_TW.xml">
      <Filter>Resource Files\Lang</Filter>
    </None>
    <None Include="Resources\lang\BootstrapStrings_da_DK.xml">
      <Filter>Resource Files\Lang</Filter>
    </None>
    <None Include="Resources\lang\BootstrapStrings_de_DE.xml">
      <Filter>Resource Files\Lang</Filter>
    </None>
    <None Include="Resources\lang\BootstrapStrings_el_GR.xml">
      <Filter>Resource Files\Lang</Filter>
    </None>
    <None Include="Resources\lang\BootstrapStrings_en_GB.xml">
      <Filter>Resource Files\Lang</Filter>
    </None>
    <None Include="Resources\lang\BootstrapStrings_en_US.xml">
      <Filter>Resource Files\Lang</Filter>
    </None>
    <None Include="Resources\lang\BootstrapStrings_es_ES.xml">
      <Filter>Resource Files\Lang</Filter>
    </None>
    <None Include="Resources\lang\BootstrapStrings_es_MX.xml">
      <Filter>Resource Files\Lang</Filter>
    </None>
    <None Include="Resources\lang\BootstrapStrings_fi_FI.xml">
      <Filter>Resource Files\Lang</Filter>
    </None>
    <None Include="Resources\lang\BootstrapStrings_fr_FR.xml">
      <Filter>Resource Files\Lang</Filter>
    </None>
    <None Include="Resources\lang\BootstrapStrings_hu_HU.xml">
      <Filter>Resource Files\Lang</Filter>
    </None>
    <None Include="Resources\lang\BootstrapStrings_it_IT.xml">
      <Filter>Resource Files\Lang</Filter>
    </None>
    <None Include="Resources\lang\BootstrapStrings_ja_JP.xml">
      <Filter>Resource Files\Lang</Filter>
    </None>
    <None Include="Resources\lang\BootstrapStrings_ko_KR.xml">
      <Filter>Resource Files\Lang</Filter>
    </None>
    <None Include="Resources\lang\BootstrapStrings_nl_NL.xml">
      <Filter>Resource Files\Lang</Filter>
    </None>
    <None Include="Resources\lang\BootstrapStrings_no_NO.xml">
      <Filter>Resource Files\Lang</Filter>
    </None>
    <None Include="Resources\lang\BootstrapStrings_pl_PL.xml">
      <Filter>Resource Files\Lang</Filter>
    </None>
    <None Include="Resources\lang\BootstrapStrings_pt_BR.xml">
      <Filter>Resource Files\Lang</Filter>
    </None>
    <None Include="Resources\lang\BootstrapStrings_pt_PT.xml">
      <Filter>Resource Files\Lang</Filter>
    </None>
    <None Include="Resources\lang\BootstrapStrings_ru_RU.xml">
      <Filter>Resource Files\Lang</Filter>
    </None>
    <None Include="Resources\lang\BootstrapStrings_sv_SE.xml">
      <Filter>Resource Files\Lang</Filter>
    </None>
    <None Include="Resources\lang\BootstrapStrings_th_TH.xml">
      <Filter>Resource Files\Lang</Filter>
    </None>
    <None Include="Resources\lang\BootstrapStrings_zh_CN.xml">
      <Filter>Resource Files\Lang</Filter>
    </None>
    <None Include="Resources\EULAs\cs_CZ.html">
      <Filter>Resource Files\EULAs</Filter>
    </None>
    <None Include="Resources\EULAs\ZH_TW.html">
      <Filter>Resource Files\EULAs</Filter>
    </None>
    <None Include="Resources\EULAs\da_DK.html">
      <Filter>Resource Files\EULAs</Filter>
    </None>
    <None Include="Resources\EULAs\de_DE.html">
      <Filter>Resource Files\EULAs</Filter>
    </None>
    <None Include="Resources\EULAs\en_GB.html">
      <Filter>Resource Files\EULAs</Filter>
    </None>
    <None Include="Resources\EULAs\en_US.html">
      <Filter>Resource Files\EULAs</Filter>
    </None>
    <None Include="Resources\EULAs\es_ES.html">
      <Filter>Resource Files\EULAs</Filter>
    </None>
    <None Include="Resources\EULAs\fi_FI.html">
      <Filter>Resource Files\EULAs</Filter>
    </None>
    <None Include="Resources\EULAs\fr_FR.html">
      <Filter>Resource Files\EULAs</Filter>
    </None>
    <None Include="Resources\EULAs\hu_HU.html">
      <Filter>Resource Files\EULAs</Filter>
    </None>
    <None Include="Resources\EULAs\it_IT.html">
      <Filter>Resource Files\EULAs</Filter>
    </None>
    <None Include="Resources\EULAs\ja_JP.html">
      <Filter>Resource Files\EULAs</Filter>
    </None>
    <None Include="Resources\EULAs\ko_KR.html">
      <Filter>Resource Files\EULAs</Filter>
    </None>
    <None Include="Resources\EULAs\nl_NL.html">
      <Filter>Resource Files\EULAs</Filter>
    </None>
    <None Include="Resources\EULAs\no_NO.html">
      <Filter>Resource Files\EULAs</Filter>
    </None>
    <None Include="Resources\EULAs\pl_PL.html">
      <Filter>Resource Files\EULAs</Filter>
    </None>
    <None Include="Resources\EULAs\pt_BR.html">
      <Filter>Resource Files\EULAs</Filter>
    </None>
    <None Include="Resources\EULAs\pt_PT.html">
      <Filter>Resource Files\EULAs</Filter>
    </None>
    <None Include="Resources\EULAs\ru_RU.html">
      <Filter>Resource Files\EULAs</Filter>
    </None>
    <None Include="Resources\EULAs\sv_SE.html">
      <Filter>Resource Files\EULAs</Filter>
    </None>
    <None Include="Resources\EULAs\th_TH.html">
      <Filter>Resource Files\EULAs</Filter>
    </None>
    <None Include="Resources\EULAs\zh_CN.html">
      <Filter>Resource Files\EULAs</Filter>
    </None>
    <None Include="Resources\EULAs\el_GR.html">
      <Filter>Resource Files\EULAs</Filter>
    </None>
    <None Include="Resources\EULAs\es_MX.html">
      <Filter>Resource Files\EULAs</Filter>
    </None>
  </ItemGroup>
  <ItemGroup>
    <Manifest Include="Resources\Origin.manifest">
      <Filter>Resource Files</Filter>
    </Manifest>
  </ItemGroup>
</Project>