
Microsoft Visual Studio Solution File, Format Version 9.00
# Visual Studio 2005
Project("{8BC9CEB8-8B4A-11D0-8D11-00A0C91BC942}") = "EACallstackTestDLL", "EACallstackTestDLL.vcproj", "{11707C38-9667-41FA-AF29-459BAC5539EA}"
EndProject
Global
	GlobalSection(SolutionConfigurationPlatforms) = preSolution
		Debug|Win32 = Debug|Win32
		Release|Win32 = Release|Win32
	EndGlobalSection
	GlobalSection(ProjectConfigurationPlatforms) = postSolution
		{11707C38-9667-41FA-AF29-459BAC5539EA}.Debug|Win32.ActiveCfg = Debug|Win32
		{11707C38-9667-41FA-AF29-459BAC5539EA}.Debug|Win32.Build.0 = Debug|Win32
		{11707C38-9667-41FA-AF29-459BAC5539EA}.Release|Win32.ActiveCfg = Release|Win32
		{11707C38-9667-41FA-AF29-459BAC5539EA}.Release|Win32.Build.0 = Release|Win32
	EndGlobalSection
	GlobalSection(SolutionProperties) = preSolution
		HideSolutionNode = FALSE
	EndGlobalSection
EndGlobal
