<?xml version="1.0" encoding="utf-8"?>
<Project ToolsVersion="4.0" xmlns="http://schemas.microsoft.com/developer/msbuild/2003">
  <ItemGroup>
    <Filter Include="Source Files">
      <UniqueIdentifier>{4FC737F1-C7A5-4376-A066-2A32D752A2FF}</UniqueIdentifier>
      <Extensions>cpp;cxx;c;def</Extensions>
    </Filter>
    <Filter Include="Header Files">
      <UniqueIdentifier>{93995380-89BD-4b04-88EB-625FBE52EBFB}</UniqueIdentifier>
      <Extensions>h</Extensions>
    </Filter>
    <Filter Include="Resource Files">
      <UniqueIdentifier>{D9D6E242-F8AF-46E4-B9FD-80ECBC20BA3E}</UniqueIdentifier>
      <Extensions>qrc;*</Extensions>
      <ParseFiles>false</ParseFiles>
    </Filter>
    <Filter Include="Generated Files">
      <UniqueIdentifier>{71ED8ED8-ACB9-4CE9-BBE1-E00B30144E11}</UniqueIdentifier>
      <Extensions>moc;h;cpp</Extensions>
      <SourceControlFiles>False</SourceControlFiles>
    </Filter>
    <Filter Include="Generated Files\Debug">
      <UniqueIdentifier>{4df1463e-805d-4d6b-8ab0-da5984cb1b0c}</UniqueIdentifier>
      <Extensions>cpp;moc</Extensions>
      <SourceControlFiles>False</SourceControlFiles>
    </Filter>
    <Filter Include="Generated Files\Release">
      <UniqueIdentifier>{e49f45a8-a6db-414b-afe3-dffe2b7c462b}</UniqueIdentifier>
      <Extensions>cpp;moc</Extensions>
      <SourceControlFiles>False</SourceControlFiles>
    </Filter>
    <Filter Include="Source Files\ZipFileInfo">
      <UniqueIdentifier>{7376d707-9287-4da5-83c7-fdd036aa5997}</UniqueIdentifier>
    </Filter>
    <Filter Include="Header Files\ZipFileInfo">
      <UniqueIdentifier>{9261ebec-8f36-4bcd-a890-03e505f408cc}</UniqueIdentifier>
    </Filter>
    <Filter Include="Header Files\zlib">
      <UniqueIdentifier>{b05c87cd-e1eb-4c07-8ce5-d8f6eec4d024}</UniqueIdentifier>
    </Filter>
    <Filter Include="Source Files\zlib">
      <UniqueIdentifier>{dfa279f6-06ba-4100-bbb0-64be5cda49d3}</UniqueIdentifier>
    </Filter>
    <Filter Include="Header Files\OriginStubs">
      <UniqueIdentifier>{6c4b7943-3e7a-4e88-8eda-9e9984633f16}</UniqueIdentifier>
    </Filter>
    <Filter Include="Source Files\OriginStubs">
      <UniqueIdentifier>{10b5dbaf-c239-449c-b64a-1df9a9009da1}</UniqueIdentifier>
    </Filter>
  </ItemGroup>
  <ItemGroup>
    <ClCompile Include="main.cpp">
      <Filter>Source Files</Filter>
    </ClCompile>
    <ClCompile Include="CRC.cpp">
      <Filter>Source Files</Filter>
    </ClCompile>
    <ClCompile Include="Verifier.cpp">
      <Filter>Source Files</Filter>
    </ClCompile>
    <ClCompile Include="GeneratedFiles\Debug\moc_Verifier.cpp">
      <Filter>Generated Files\Debug</Filter>
    </ClCompile>
    <ClCompile Include="GeneratedFiles\Release\moc_Verifier.cpp">
      <Filter>Generated Files\Release</Filter>
    </ClCompile>
    <ClCompile Include="ZipFileInfo\BigFileInfo.cpp">
      <Filter>Source Files\ZipFileInfo</Filter>
    </ClCompile>
    <ClCompile Include="ZipFileInfo\CoreDate.cpp">
      <Filter>Source Files\ZipFileInfo</Filter>
    </ClCompile>
    <ClCompile Include="ZipFileInfo\CoreFile.cpp">
      <Filter>Source Files\ZipFileInfo</Filter>
    </ClCompile>
    <ClCompile Include="ZipFileInfo\CorePackageFile.cpp">
      <Filter>Source Files\ZipFileInfo</Filter>
    </ClCompile>
    <ClCompile Include="ZipFileInfo\CoreParameterizer.cpp">
      <Filter>Source Files\ZipFileInfo</Filter>
    </ClCompile>
    <ClCompile Include="ZipFileInfo\EnvUtils.cpp">
      <Filter>Source Files\ZipFileInfo</Filter>
    </ClCompile>
    <ClCompile Include="ZipFileInfo\FilePath.cpp">
      <Filter>Source Files\ZipFileInfo</Filter>
    </ClCompile>
    <ClCompile Include="ZipFileInfo\MemBuffer.cpp">
      <Filter>Source Files\ZipFileInfo</Filter>
    </ClCompile>
    <ClCompile Include="ZipFileInfo\patch_util.cpp">
      <Filter>Source Files\ZipFileInfo</Filter>
    </ClCompile>
    <ClCompile Include="ZipFileInfo\StringHelpers.cpp">
      <Filter>Source Files\ZipFileInfo</Filter>
    </ClCompile>
    <ClCompile Include="ZipFileInfo\ZipFileInfo.cpp">
      <Filter>Source Files\ZipFileInfo</Filter>
    </ClCompile>
    <ClCompile Include="ZipFileInfo\ZipInfo.cpp">
      <Filter>Source Files\ZipFileInfo</Filter>
    </ClCompile>
    <ClCompile Include="zlib\install\adler32.c">
      <Filter>Source Files\zlib</Filter>
    </ClCompile>
    <ClCompile Include="zlib\install\compress.c">
      <Filter>Source Files\zlib</Filter>
    </ClCompile>
    <ClCompile Include="zlib\install\crc32.c">
      <Filter>Source Files\zlib</Filter>
    </ClCompile>
    <ClCompile Include="zlib\install\deflate.c">
      <Filter>Source Files\zlib</Filter>
    </ClCompile>
    <ClCompile Include="zlib\install\infback.c">
      <Filter>Source Files\zlib</Filter>
    </ClCompile>
    <ClCompile Include="zlib\install\inffast.c">
      <Filter>Source Files\zlib</Filter>
    </ClCompile>
    <ClCompile Include="zlib\install\inflate.c">
      <Filter>Source Files\zlib</Filter>
    </ClCompile>
    <ClCompile Include="zlib\install\inftrees.c">
      <Filter>Source Files\zlib</Filter>
    </ClCompile>
    <ClCompile Include="zlib\install\trees.c">
      <Filter>Source Files\zlib</Filter>
    </ClCompile>
    <ClCompile Include="zlib\install\uncompr.c">
      <Filter>Source Files\zlib</Filter>
    </ClCompile>
    <ClCompile Include="zlib\install\zutil.c">
      <Filter>Source Files\zlib</Filter>
    </ClCompile>
    <ClCompile Include="OriginStubs\zlibDecompressor.cpp">
      <Filter>Source Files\OriginStubs</Filter>
    </ClCompile>
    <ClCompile Include="OriginStubs\UnpackStreamFile.cpp">
      <Filter>Source Files\OriginStubs</Filter>
    </ClCompile>
    <ClCompile Include="GeneratedFiles\Debug\moc_DownloaderErrors.cpp">
      <Filter>Generated Files\Debug</Filter>
    </ClCompile>
    <ClCompile Include="GeneratedFiles\Release\moc_DownloaderErrors.cpp">
      <Filter>Generated Files\Release</Filter>
    </ClCompile>
    <ClCompile Include="OriginStubs\DownloadErrors.cpp">
      <Filter>Source Files\OriginStubs</Filter>
    </ClCompile>
  </ItemGroup>
  <ItemGroup>
    <ClInclude Include="CRC.h">
      <Filter>Header Files</Filter>
    </ClInclude>
    <ClInclude Include="ZipFileInfo\BigFileInfo.h">
      <Filter>Header Files\ZipFileInfo</Filter>
    </ClInclude>
    <ClInclude Include="ZipFileInfo\CoreDate.h">
      <Filter>Header Files\ZipFileInfo</Filter>
    </ClInclude>
    <ClInclude Include="ZipFileInfo\CoreFile.h">
      <Filter>Header Files\ZipFileInfo</Filter>
    </ClInclude>
    <ClInclude Include="ZipFileInfo\CorePackageFile.h">
      <Filter>Header Files\ZipFileInfo</Filter>
    </ClInclude>
    <ClInclude Include="ZipFileInfo\CoreParameterizer.h">
      <Filter>Header Files\ZipFileInfo</Filter>
    </ClInclude>
    <ClInclude Include="ZipFileInfo\EnvUtils.h">
      <Filter>Header Files\ZipFileInfo</Filter>
    </ClInclude>
    <ClInclude Include="ZipFileInfo\FilePath.h">
      <Filter>Header Files\ZipFileInfo</Filter>
    </ClInclude>
    <ClInclude Include="ZipFileInfo\MemBuffer.h">
      <Filter>Header Files\ZipFileInfo</Filter>
    </ClInclude>
    <ClInclude Include="ZipFileInfo\patch_util.h">
      <Filter>Header Files\ZipFileInfo</Filter>
    </ClInclude>
    <ClInclude Include="ZipFileInfo\StringHelpers.h">
      <Filter>Header Files\ZipFileInfo</Filter>
    </ClInclude>
    <ClInclude Include="ZipFileInfo\WinDefs.h">
      <Filter>Header Files\ZipFileInfo</Filter>
    </ClInclude>
    <ClInclude Include="ZipFileInfo\ZipFileInfo.h">
      <Filter>Header Files\ZipFileInfo</Filter>
    </ClInclude>
    <ClInclude Include="ZipFileInfo\ZipInfo.h">
      <Filter>Header Files\ZipFileInfo</Filter>
    </ClInclude>
    <ClInclude Include="zlib\include\version.h">
      <Filter>Header Files\zlib</Filter>
    </ClInclude>
    <ClInclude Include="zlib\include\zconf.h">
      <Filter>Header Files\zlib</Filter>
    </ClInclude>
    <ClInclude Include="zlib\include\zlib.h">
      <Filter>Header Files\zlib</Filter>
    </ClInclude>
    <ClInclude Include="zlib\install\crc32.h">
      <Filter>Source Files\zlib</Filter>
    </ClInclude>
    <ClInclude Include="zlib\install\deflate.h">
      <Filter>Source Files\zlib</Filter>
    </ClInclude>
    <ClInclude Include="zlib\install\inffast.h">
      <Filter>Source Files\zlib</Filter>
    </ClInclude>
    <ClInclude Include="zlib\install\inffixed.h">
      <Filter>Source Files\zlib</Filter>
    </ClInclude>
    <ClInclude Include="zlib\install\inflate.h">
      <Filter>Source Files\zlib</Filter>
    </ClInclude>
    <ClInclude Include="zlib\install\inftrees.h">
      <Filter>Source Files\zlib</Filter>
    </ClInclude>
    <ClInclude Include="zlib\install\trees.h">
      <Filter>Source Files\zlib</Filter>
    </ClInclude>
    <ClInclude Include="zlib\install\zconf.h">
      <Filter>Source Files\zlib</Filter>
    </ClInclude>
    <ClInclude Include="zlib\install\zlib.h">
      <Filter>Source Files\zlib</Filter>
    </ClInclude>
    <ClInclude Include="zlib\install\zutil.h">
      <Filter>Source Files\zlib</Filter>
    </ClInclude>
    <ClInclude Include="OriginStubs\zlibDecompressor.h">
      <Filter>Header Files\OriginStubs</Filter>
    </ClInclude>
  </ItemGroup>
  <ItemGroup>
    <CustomBuild Include="Verifier.h">
      <Filter>Header Files</Filter>
    </CustomBuild>
    <CustomBuild Include="OriginStubs\UnpackStreamFile.h">
      <Filter>Header Files\OriginStubs</Filter>
    </CustomBuild>
    <CustomBuild Include="OriginStubs\DownloaderErrors.h">
      <Filter>Header Files\OriginStubs</Filter>
    </CustomBuild>
  </ItemGroup>
</Project>