<?xml version="1.0" encoding="utf-8"?>
<Project ToolsVersion="4.0" xmlns="http://schemas.microsoft.com/developer/msbuild/2003">
  <ItemGroup>
    <Filter Include="Form Files">
      <UniqueIdentifier>{99349809-55BA-4b9d-BF79-8FDBB0286EB3}</UniqueIdentifier>
      <Extensions>ui</Extensions>
      <ParseFiles>false</ParseFiles>
    </Filter>
    <Filter Include="Form Files">
      <UniqueIdentifier>{99349809-55BA-4b9d-BF79-8FDBB0286EB3}</UniqueIdentifier>
      <Extensions>ui</Extensions>
      <ParseFiles>false</ParseFiles>
    </Filter>
    <Filter Include="Generated Files">
      <UniqueIdentifier>{71ED8ED8-ACB9-4CE9-BBE1-E00B30144E11}</UniqueIdentifier>
      <Extensions>cpp;c;cxx;moc;h;def;odl;idl;res;</Extensions>
    </Filter>
    <Filter Include="Generated Files">
      <UniqueIdentifier>{71ED8ED8-ACB9-4CE9-BBE1-E00B30144E11}</UniqueIdentifier>
      <Extensions>cpp;c;cxx;moc;h;def;odl;idl;res;</Extensions>
    </Filter>
    <Filter Include="Header Files">
      <UniqueIdentifier>{93995380-89BD-4b04-88EB-625FBE52EBFB}</UniqueIdentifier>
      <Extensions>h;hpp;hxx;hm;inl;inc;xsd</Extensions>
    </Filter>
    <Filter Include="Header Files">
      <UniqueIdentifier>{93995380-89BD-4b04-88EB-625FBE52EBFB}</UniqueIdentifier>
      <Extensions>h;hpp;hxx;hm;inl;inc;xsd</Extensions>
    </Filter>
    <Filter Include="Source Files">
      <UniqueIdentifier>{4FC737F1-C7A5-4376-A066-2A32D752A2FF}</UniqueIdentifier>
      <Extensions>cpp;c;cxx;def;odl;idl;hpj;bat;asm;asmx</Extensions>
    </Filter>
    <Filter Include="Source Files">
      <UniqueIdentifier>{4FC737F1-C7A5-4376-A066-2A32D752A2FF}</UniqueIdentifier>
      <Extensions>cpp;c;cxx;def;odl;idl;hpj;bat;asm;asmx</Extensions>
    </Filter>
    <Filter Include="Generated Files\Release">
      <UniqueIdentifier>{88b2a96f-5e7d-4192-8a36-3a83358b9ef8}</UniqueIdentifier>
      <Extensions>cpp;moc</Extensions>
      <SourceControlFiles>False</SourceControlFiles>
    </Filter>
    <Filter Include="Generated Files\Debug">
      <UniqueIdentifier>{47e9e51b-5ffa-4012-8631-d884fe24915c}</UniqueIdentifier>
      <Extensions>cpp;moc</Extensions>
      <SourceControlFiles>False</SourceControlFiles>
    </Filter>
    <Filter Include="Header Files\SDK">
      <UniqueIdentifier>{b1421953-1469-4330-b231-160d90c797f0}</UniqueIdentifier>
    </Filter>
    <Filter Include="Header Files\FrostbitePI">
      <UniqueIdentifier>{0555c4ea-cff7-482c-adb6-09608d8b51aa}</UniqueIdentifier>
    </Filter>
    <Filter Include="Source Files\FrostbitePI">
      <UniqueIdentifier>{6b2b7d70-4882-494d-b151-ba0b0779f251}</UniqueIdentifier>
    </Filter>
    <Filter Include="Header Files\FrostbiteShim">
      <UniqueIdentifier>{76e353fe-9337-462b-854d-402da68fd048}</UniqueIdentifier>
    </Filter>
    <Filter Include="Header Files\FrostbiteShim\Engine">
      <UniqueIdentifier>{b1660088-0387-421b-b3a1-61bb6c14e262}</UniqueIdentifier>
    </Filter>
    <Filter Include="Header Files\FrostbiteShim\Engine\Core">
      <UniqueIdentifier>{1aacc573-2278-40e0-ad80-0c354f35d1e7}</UniqueIdentifier>
    </Filter>
    <Filter Include="Header Files\FrostbiteShim\Engine\Core\Message">
      <UniqueIdentifier>{9dce2fd1-8f3d-433a-ad0e-33d7685ec177}</UniqueIdentifier>
    </Filter>
    <Filter Include="Header Files\FrostbiteShim\Engine\Game">
      <UniqueIdentifier>{3dc7c582-7f08-47ed-98ad-1a75be0a14c1}</UniqueIdentifier>
    </Filter>
    <Filter Include="Header Files\FrostbiteShim\Engine\Game\Client">
      <UniqueIdentifier>{e6dcbac3-5524-45e8-88c0-f89de94bb4f7}</UniqueIdentifier>
    </Filter>
    <Filter Include="Header Files\FrostbiteShim\Engine\Game\Client\Core">
      <UniqueIdentifier>{b416ec44-8412-4111-8cc6-c5ed6b659914}</UniqueIdentifier>
    </Filter>
    <Filter Include="Header Files\FrostbiteShim\External">
      <UniqueIdentifier>{4787659b-bb28-4d1d-a4be-908082d3d004}</UniqueIdentifier>
    </Filter>
    <Filter Include="Header Files\FrostbiteShim\External\ea">
      <UniqueIdentifier>{f5531d72-dae2-4371-ac24-0352ed416bc4}</UniqueIdentifier>
    </Filter>
    <Filter Include="Header Files\FrostbiteShim\External\ea\OriginSDK">
      <UniqueIdentifier>{d9f57128-9198-4d9d-a4d0-39cc3f518047}</UniqueIdentifier>
    </Filter>
    <Filter Include="Header Files\FrostbiteShim\External\ea\OriginSDK\include">
      <UniqueIdentifier>{d117f5cb-0ff9-43a5-90ce-0d36c7ace06b}</UniqueIdentifier>
    </Filter>
    <Filter Include="Header Files\FrostbiteShim\External\ea\OriginSDK\include\OriginSDK">
      <UniqueIdentifier>{2cd3d1bd-0127-4f28-bf90-d3e93e9ba339}</UniqueIdentifier>
    </Filter>
    <Filter Include="Header Files\FrostbiteShim\Engine\Core\StreamInstall">
      <UniqueIdentifier>{f091c3be-ae44-4029-8c1d-1bec42fe0c99}</UniqueIdentifier>
    </Filter>
    <Filter Include="Header Files\FrostbiteShim\Engine\Core\StreamInstall\Common">
      <UniqueIdentifier>{81c81d0a-417c-40eb-8075-da2c2e123cad}</UniqueIdentifier>
    </Filter>
    <Filter Include="Source Files\EASTL">
      <UniqueIdentifier>{3f8a1bbe-e1c5-4012-b7ff-f75d87444e4e}</UniqueIdentifier>
    </Filter>
  </ItemGroup>
  <ItemGroup>
    <ClCompile Include="AppController.cpp">
      <Filter>Source Files</Filter>
    </ClCompile>
    <ClCompile Include="OriginSDKMain.cpp">
      <Filter>Source Files</Filter>
    </ClCompile>
    <ClCompile Include="main.cpp">
      <Filter>Source Files</Filter>
    </ClCompile>
    <ClCompile Include="mainwindow.cpp">
      <Filter>Source Files</Filter>
    </ClCompile>
    <ClCompile Include="Release\moc_AppController.cpp">
      <Filter>Generated Files\Release</Filter>
    </ClCompile>
    <ClCompile Include="Debug\moc_AppController.cpp">
      <Filter>Generated Files\Debug</Filter>
    </ClCompile>
    <ClCompile Include="Release\moc_OriginSDKMain.cpp">
      <Filter>Generated Files\Release</Filter>
    </ClCompile>
    <ClCompile Include="Debug\moc_OriginSDKMain.cpp">
      <Filter>Generated Files\Debug</Filter>
    </ClCompile>
    <ClCompile Include="Release\moc_mainwindow.cpp">
      <Filter>Generated Files\Release</Filter>
    </ClCompile>
    <ClCompile Include="Debug\moc_mainwindow.cpp">
      <Filter>Generated Files\Debug</Filter>
    </ClCompile>
    <ClCompile Include="FrostbitePI\OriginStreamInstallBackend.cpp">
      <Filter>Source Files\FrostbitePI</Filter>
    </ClCompile>
    <ClCompile Include="FrostbiteShim\Engine\Core\Message\CoreMessages.cpp">
      <Filter>Header Files\FrostbiteShim\Engine\Core\Message</Filter>
    </ClCompile>
    <ClCompile Include="FrostbitePI\OriginStreamInstall.cpp">
      <Filter>Source Files\FrostbitePI</Filter>
    </ClCompile>
    <ClCompile Include="FrostbiteShim\Engine\Core\StreamInstall\Common\StreamInstallCommon.cpp">
      <Filter>Header Files\FrostbiteShim\Engine\Core\StreamInstall\Common</Filter>
    </ClCompile>
    <ClCompile Include="EASTL\src\allocator_eastl.cpp">
      <Filter>Source Files\EASTL</Filter>
    </ClCompile>
    <ClCompile Include="EASTL\src\assert.cpp">
      <Filter>Source Files\EASTL</Filter>
    </ClCompile>
    <ClCompile Include="EASTL\src\fixed_pool.cpp">
      <Filter>Source Files\EASTL</Filter>
    </ClCompile>
    <ClCompile Include="EASTL\src\hashtable.cpp">
      <Filter>Source Files\EASTL</Filter>
    </ClCompile>
    <ClCompile Include="EASTL\src\intrusive_list.cpp">
      <Filter>Source Files\EASTL</Filter>
    </ClCompile>
    <ClCompile Include="EASTL\src\red_black_tree.cpp">
      <Filter>Source Files\EASTL</Filter>
    </ClCompile>
    <ClCompile Include="EASTL\src\string.cpp">
      <Filter>Source Files\EASTL</Filter>
    </ClCompile>
  </ItemGroup>
  <ItemGroup>
    <CustomBuild Include="AppController.h">
      <Filter>Header Files</Filter>
    </CustomBuild>
    <CustomBuild Include="OriginSDKMain.h">
      <Filter>Header Files</Filter>
    </CustomBuild>
    <CustomBuild Include="mainwindow.h">
      <Filter>Header Files</Filter>
    </CustomBuild>
  </ItemGroup>
  <ItemGroup>
    <CustomBuild Include="mainwindow.ui">
      <Filter>Form Files</Filter>
    </CustomBuild>
  </ItemGroup>
  <ItemGroup>
    <ClInclude Include="GeneratedFiles\ui_mainwindow.h">
      <Filter>Generated Files</Filter>
    </ClInclude>
    <ClInclude Include="OriginSDK\windows\OriginWinTypes.h">
      <Filter>Header Files\SDK</Filter>
    </ClInclude>
    <ClInclude Include="EABase\eabase.h">
      <Filter>Header Files\SDK</Filter>
    </ClInclude>
    <ClInclude Include="EABase\config\eacompiler.h">
      <Filter>Header Files\SDK</Filter>
    </ClInclude>
    <ClInclude Include="EABase\config\eacompilertraits.h">
      <Filter>Header Files\SDK</Filter>
    </ClInclude>
    <ClInclude Include="EABase\eahave.h">
      <Filter>Header Files\SDK</Filter>
    </ClInclude>
    <ClInclude Include="EABase\config\eaplatform.h">
      <Filter>Header Files\SDK</Filter>
    </ClInclude>
    <ClInclude Include="EABase\earesult.h">
      <Filter>Header Files\SDK</Filter>
    </ClInclude>
    <ClInclude Include="EABase\nullptr.h">
      <Filter>Header Files\SDK</Filter>
    </ClInclude>
    <ClInclude Include="OriginSDK\Origin.h">
      <Filter>Header Files\SDK</Filter>
    </ClInclude>
    <ClInclude Include="OriginSDK\OriginAchievements.h">
      <Filter>Header Files\SDK</Filter>
    </ClInclude>
    <ClInclude Include="OriginSDK\OriginBaseTypes.h">
      <Filter>Header Files\SDK</Filter>
    </ClInclude>
    <ClInclude Include="OriginSDK\OriginBlocked.h">
      <Filter>Header Files\SDK</Filter>
    </ClInclude>
    <ClInclude Include="OriginSDK\OriginChat.h">
      <Filter>Header Files\SDK</Filter>
    </ClInclude>
    <ClInclude Include="OriginSDK\OriginCommerce.h">
      <Filter>Header Files\SDK</Filter>
    </ClInclude>
    <ClInclude Include="OriginSDK\OriginDefines.h">
      <Filter>Header Files\SDK</Filter>
    </ClInclude>
    <ClInclude Include="OriginSDK\OriginEnumeration.h">
      <Filter>Header Files\SDK</Filter>
    </ClInclude>
    <ClInclude Include="OriginSDK\OriginEnums.h">
      <Filter>Header Files\SDK</Filter>
    </ClInclude>
    <ClInclude Include="OriginSDK\OriginError.h">
      <Filter>Header Files\SDK</Filter>
    </ClInclude>
    <ClInclude Include="OriginSDK\OriginEvents.h">
      <Filter>Header Files\SDK</Filter>
    </ClInclude>
    <ClInclude Include="OriginSDK\OriginFriends.h">
      <Filter>Header Files\SDK</Filter>
    </ClInclude>
    <ClInclude Include="OriginSDK\OriginIGO.h">
      <Filter>Header Files\SDK</Filter>
    </ClInclude>
    <ClInclude Include="OriginSDK\OriginIntTypes.h">
      <Filter>Header Files\SDK</Filter>
    </ClInclude>
    <ClInclude Include="OriginSDK\OriginInvite.h">
      <Filter>Header Files\SDK</Filter>
    </ClInclude>
    <ClInclude Include="OriginSDK\OriginLanguage.h">
      <Filter>Header Files\SDK</Filter>
    </ClInclude>
    <ClInclude Include="OriginSDK\mac\OriginMacTypes.h">
      <Filter>Header Files\SDK</Filter>
    </ClInclude>
    <ClInclude Include="OriginSDK\OriginMemory.h">
      <Filter>Header Files\SDK</Filter>
    </ClInclude>
    <ClInclude Include="OriginSDK\OriginPresence.h">
      <Filter>Header Files\SDK</Filter>
    </ClInclude>
    <ClInclude Include="OriginSDK\OriginProfile.h">
      <Filter>Header Files\SDK</Filter>
    </ClInclude>
    <ClInclude Include="OriginSDK\OriginProgressiveInstallation.h">
      <Filter>Header Files\SDK</Filter>
    </ClInclude>
    <ClInclude Include="OriginSDK\OriginRecentPlayers.h">
      <Filter>Header Files\SDK</Filter>
    </ClInclude>
    <ClInclude Include="OriginSDK\OriginSDK.h">
      <Filter>Header Files\SDK</Filter>
    </ClInclude>
    <ClInclude Include="OriginSDK\OriginTypes.h">
      <Filter>Header Files\SDK</Filter>
    </ClInclude>
    <ClInclude Include="FrostbitePI\OriginStreamInstallBackend.h">
      <Filter>Header Files\FrostbitePI</Filter>
    </ClInclude>
    <ClInclude Include="Pch.h">
      <Filter>Header Files</Filter>
    </ClInclude>
    <ClInclude Include="FrostbiteShim\Engine\Core\Message\CoreMessages.h">
      <Filter>Header Files\FrostbiteShim\Engine\Core\Message</Filter>
    </ClInclude>
    <ClInclude Include="FrostbiteShim\External\ea\OriginSDK\include\OriginSDK\OriginSDK.h">
      <Filter>Header Files\FrostbiteShim\External\ea\OriginSDK\include\OriginSDK</Filter>
    </ClInclude>
    <ClInclude Include="FrostbiteShim\Engine\Game\Client\Core\ClientGameContext.h">
      <Filter>Header Files\FrostbiteShim\Engine\Game\Client\Core</Filter>
    </ClInclude>
    <ClInclude Include="FrostbiteShim\Engine\Core\StreamInstall\StreamInstall.h">
      <Filter>Header Files\FrostbiteShim\Engine\Core\StreamInstall</Filter>
    </ClInclude>
    <ClInclude Include="FrostbiteShim\Engine\Core\StreamInstall\Common\StreamInstallCommon.h">
      <Filter>Header Files\FrostbiteShim\Engine\Core\StreamInstall\Common</Filter>
    </ClInclude>
  </ItemGroup>
</Project>