
Microsoft Visual Studio Solution File, Format Version 11.00
# Visual Studio 2010
Project("{7CF6DF6D-3B04-46F8-A40B-537D21BCA0B4}") = "Framework 3 Guide", "Framework 3 Guide.shfbproj", "{2489ABC8-ADC6-4670-839D-25674AC9023F}"
EndProject
Global
	GlobalSection(SolutionConfigurationPlatforms) = preSolution
		Debug|Any CPU = Debug|Any CPU
		Release|Any CPU = Release|Any CPU
	EndGlobalSection
	GlobalSection(ProjectConfigurationPlatforms) = postSolution
		{2489ABC8-ADC6-4670-839D-25674AC9023F}.Debug|Any CPU.ActiveCfg = Debug|Any CPU
		{2489ABC8-ADC6-4670-839D-25674AC9023F}.Debug|Any CPU.Build.0 = Debug|Any CPU
		{2489ABC8-ADC6-4670-839D-25674AC9023F}.Release|Any CPU.ActiveCfg = Release|Any CPU
		{2489ABC8-ADC6-4670-839D-25674AC9023F}.Release|Any CPU.Build.0 = Release|Any CPU
	EndGlobalSection
	GlobalSection(SolutionProperties) = preSolution
		HideSolutionNode = FALSE
	EndGlobalSection
EndGlobal
