
Microsoft Visual Studio Solution File, Format Version 11.00
# Visual Studio 2010
Project("{8BC9CEB8-8B4A-11D0-8D11-00A0C91BC942}") = "LinkButton", "LinkButton.vcxproj", "{4CB99ADC-21B9-4805-A70C-7B18C17C08FA}"
EndProject
Global
	GlobalSection(SolutionConfigurationPlatforms) = preSolution
		Debug|Win32 = Debug|Win32
		Release|Win32 = Release|Win32
		ReleaseUnicode|Win32 = ReleaseUnicode|Win32
	EndGlobalSection
	GlobalSection(ProjectConfigurationPlatforms) = postSolution
		{4CB99ADC-21B9-4805-A70C-7B18C17C08FA}.Debug|Win32.ActiveCfg = Debug|Win32
		{4CB99ADC-21B9-4805-A70C-7B18C17C08FA}.Debug|Win32.Build.0 = Debug|Win32
		{4CB99ADC-21B9-4805-A70C-7B18C17C08FA}.Release|Win32.ActiveCfg = Release|Win32
		{4CB99ADC-21B9-4805-A70C-7B18C17C08FA}.Release|Win32.Build.0 = Release|Win32
		{4CB99ADC-21B9-4805-A70C-7B18C17C08FA}.ReleaseUnicode|Win32.ActiveCfg = ReleaseUnicode|Win32
		{4CB99ADC-21B9-4805-A70C-7B18C17C08FA}.ReleaseUnicode|Win32.Build.0 = ReleaseUnicode|Win32
	EndGlobalSection
	GlobalSection(SolutionProperties) = preSolution
		HideSolutionNode = FALSE
	EndGlobalSection
EndGlobal
