<?xml version="1.0" encoding="utf-8"?>
<Project ToolsVersion="4.0" xmlns="http://schemas.microsoft.com/developer/msbuild/2003">
  <ItemGroup>
    <Filter Include="Source Files">
      <UniqueIdentifier>{4efff218-e803-4627-b797-dc31526f8dc5}</UniqueIdentifier>
      <Extensions>cpp;c;cxx;rc;def;r;odl;idl;hpj;bat</Extensions>
    </Filter>
    <Filter Include="Header Files">
      <UniqueIdentifier>{3504d9d4-eebb-4e59-a58c-65e5bd91f8f8}</UniqueIdentifier>
      <Extensions>h;hpp;hxx;hm;inl</Extensions>
    </Filter>
    <Filter Include="Resource Files">
      <UniqueIdentifier>{12c93e0f-6eeb-4246-a2bd-8f4f4804a4f1}</UniqueIdentifier>
      <Extensions>ico;cur;bmp;dlg;rc2;rct;bin;rgs;gif;jpg;jpeg;jpe</Extensions>
    </Filter>
    <Filter Include="NSIS Include">
      <UniqueIdentifier>{6b36b7fb-f917-4646-8a6b-3ff74538e569}</UniqueIdentifier>
    </Filter>
  </ItemGroup>
  <ItemGroup>
    <ClCompile Include="LinkButton.c">
      <Filter>Source Files</Filter>
    </ClCompile>
    <ClCompile Include="nsis\pluginapi.c">
      <Filter>Source Files</Filter>
    </ClCompile>
  </ItemGroup>
  <ItemGroup>
    <None Include="..\nsis_include\LinkButton.nsh">
      <Filter>NSIS Include</Filter>
    </None>
  </ItemGroup>
  <ItemGroup>
    <ClInclude Include="nsis\api.h">
      <Filter>Header Files</Filter>
    </ClInclude>
    <ClInclude Include="nsis\nsis_tchar.h">
      <Filter>Header Files</Filter>
    </ClInclude>
    <ClInclude Include="nsis\pluginapi.h">
      <Filter>Header Files</Filter>
    </ClInclude>
  </ItemGroup>
</Project>