<?xml version="1.0" encoding="utf-8"?>
<Project ToolsVersion="4.0" xmlns="http://schemas.microsoft.com/developer/msbuild/2003">
  <ItemGroup>
    <Filter Include="Source Files">
      <UniqueIdentifier>{4FC737F1-C7A5-4376-A066-2A32D752A2FF}</UniqueIdentifier>
      <Extensions>cpp;c;cxx;def;odl;idl;hpj;bat;asm;asmx</Extensions>
    </Filter>
    <Filter Include="Header Files">
      <UniqueIdentifier>{93995380-89BD-4b04-88EB-625FBE52EBFB}</UniqueIdentifier>
      <Extensions>h;hpp;hxx;hm;inl;inc;xsd</Extensions>
    </Filter>
    <Filter Include="Resource Files">
      <UniqueIdentifier>{67DA6AB6-F800-4c08-8B7A-83BB121AAD01}</UniqueIdentifier>
      <Extensions>rc;ico;cur;bmp;dlg;rc2;rct;bin;rgs;gif;jpg;jpeg;jpe;resx</Extensions>
    </Filter>
  </ItemGroup>
  <ItemGroup>
    <ClCompile Include="AtomicMove.cpp">
      <Filter>Source Files</Filter>
    </ClCompile>
    <ClCompile Include="CCodeHook.cpp">
      <Filter>Source Files</Filter>
    </ClCompile>
    <ClCompile Include="CCodeParse.cpp">
      <Filter>Source Files</Filter>
    </ClCompile>
    <ClCompile Include="CCollectCache.cpp">
      <Filter>Source Files</Filter>
    </ClCompile>
    <ClCompile Include="CEnumProcesses.cpp">
      <Filter>Source Files</Filter>
    </ClCompile>
    <ClCompile Include="CFunctionParse.cpp">
      <Filter>Source Files</Filter>
    </ClCompile>
    <ClCompile Include="CHookQueue.cpp">
      <Filter>Source Files</Filter>
    </ClCompile>
    <ClCompile Include="CMemoryMap.cpp">
      <Filter>Source Files</Filter>
    </ClCompile>
    <ClCompile Include="DllMain.cpp">
      <Filter>Source Files</Filter>
    </ClCompile>
    <ClCompile Include="DriverInject.cpp">
      <Filter>Source Files</Filter>
    </ClCompile>
    <ClCompile Include="Exception.cpp">
      <Filter>Source Files</Filter>
    </ClCompile>
    <ClCompile Include="Hooking.cpp">
      <Filter>Source Files</Filter>
    </ClCompile>
    <ClCompile Include="Inject.cpp">
      <Filter>Source Files</Filter>
    </ClCompile>
    <ClCompile Include="IPC.cpp">
      <Filter>Source Files</Filter>
    </ClCompile>
    <ClCompile Include="ModuleTools.cpp">
      <Filter>Source Files</Filter>
    </ClCompile>
    <ClCompile Include="ObjectTools.cpp">
      <Filter>Source Files</Filter>
    </ClCompile>
    <ClCompile Include="Options.cpp">
      <Filter>Source Files</Filter>
    </ClCompile>
    <ClCompile Include="Patches.cpp">
      <Filter>Source Files</Filter>
    </ClCompile>
    <ClCompile Include="ProcessTools.cpp">
      <Filter>Source Files</Filter>
    </ClCompile>
    <ClCompile Include="SString.cpp">
      <Filter>Source Files</Filter>
    </ClCompile>
    <ClCompile Include="Stubs.cpp">
      <Filter>Source Files</Filter>
    </ClCompile>
    <ClCompile Include="StubTools.cpp">
      <Filter>Source Files</Filter>
    </ClCompile>
  </ItemGroup>
  <ItemGroup>
    <ClInclude Include="AtomicMove.h">
      <Filter>Header Files</Filter>
    </ClInclude>
    <ClInclude Include="CCodeHook.h">
      <Filter>Header Files</Filter>
    </ClInclude>
    <ClInclude Include="CCodeParse.h">
      <Filter>Header Files</Filter>
    </ClInclude>
    <ClInclude Include="CCollectCache.h">
      <Filter>Header Files</Filter>
    </ClInclude>
    <ClInclude Include="CCollection.h">
      <Filter>Header Files</Filter>
    </ClInclude>
    <ClInclude Include="CEnumProcesses.h">
      <Filter>Header Files</Filter>
    </ClInclude>
    <ClInclude Include="CFunctionParse.h">
      <Filter>Header Files</Filter>
    </ClInclude>
    <ClInclude Include="CHookQueue.h">
      <Filter>Header Files</Filter>
    </ClInclude>
    <ClInclude Include="DllMain.h">
      <Filter>Header Files</Filter>
    </ClInclude>
    <ClInclude Include="DriverInject.h">
      <Filter>Header Files</Filter>
    </ClInclude>
    <ClInclude Include="Exception.h">
      <Filter>Header Files</Filter>
    </ClInclude>
    <ClInclude Include="FunctionTypes.h">
      <Filter>Header Files</Filter>
    </ClInclude>
    <ClInclude Include="Hooking.h">
      <Filter>Header Files</Filter>
    </ClInclude>
    <ClInclude Include="HookingTypes.h">
      <Filter>Header Files</Filter>
    </ClInclude>
    <ClInclude Include="Inject.h">
      <Filter>Header Files</Filter>
    </ClInclude>
    <ClInclude Include="IPC.h">
      <Filter>Header Files</Filter>
    </ClInclude>
    <ClInclude Include="ModuleTools.h">
      <Filter>Header Files</Filter>
    </ClInclude>
    <ClInclude Include="ObjectTools.h">
      <Filter>Header Files</Filter>
    </ClInclude>
    <ClInclude Include="Opcodes.h">
      <Filter>Header Files</Filter>
    </ClInclude>
    <ClInclude Include="Options.h">
      <Filter>Header Files</Filter>
    </ClInclude>
    <ClInclude Include="Patches.h">
      <Filter>Header Files</Filter>
    </ClInclude>
    <ClInclude Include="ProcessTools.h">
      <Filter>Header Files</Filter>
    </ClInclude>
    <ClInclude Include="SString.h">
      <Filter>Header Files</Filter>
    </ClInclude>
    <ClInclude Include="StringConstants.h">
      <Filter>Header Files</Filter>
    </ClInclude>
    <ClInclude Include="Stubs.h">
      <Filter>Header Files</Filter>
    </ClInclude>
    <ClInclude Include="SystemIncludes.h">
      <Filter>Header Files</Filter>
    </ClInclude>
    <ClInclude Include="Systems.h">
      <Filter>Header Files</Filter>
    </ClInclude>
    <ClInclude Include="SystemsInternal.h">
      <Filter>Header Files</Filter>
    </ClInclude>
  </ItemGroup>
  <ItemGroup>
    <CustomBuild Include="CmpXchg8b.asm">
      <Filter>Source Files</Filter>
    </CustomBuild>
    <CustomBuild Include="IncEx.asm">
      <Filter>Source Files</Filter>
    </CustomBuild>
    <CustomBuild Include="InUseStub.asm">
      <Filter>Source Files</Filter>
    </CustomBuild>
  </ItemGroup>
</Project>