
Microsoft Visual Studio Solution File, Format Version 11.00
# Visual Studio 2010
Project("{FAE04EC0-301F-11D3-BF4B-00C04F79EFBC}") = "NAnt.Core", "NAnt.Core\NAnt.Core.csproj", "{189D7914-E190-478E-AE0D-9A065279C703}"
EndProject
Project("{FAE04EC0-301F-11D3-BF4B-00C04F79EFBC}") = "nant", "nant\nant.csproj", "{66BE628C-F071-4831-872D-2BA356CE547F}"
	ProjectSection(ProjectDependencies) = postProject
		{58CB1609-692C-467F-A710-62A236484792} = {58CB1609-692C-467F-A710-62A236484792}
		{C6543213-1DA4-4C93-B8DD-DB53DE50F6D4} = {C6543213-1DA4-4C93-B8DD-DB53DE50F6D4}
		{68BFD71B-1907-4DB8-8A93-533330BB0D6B} = {68BFD71B-1907-4DB8-8A93-533330BB0D6B}
		{51458A3E-1B87-4AA7-B4D3-4F23167CDD01} = {51458A3E-1B87-4AA7-B4D3-4F23167CDD01}
		{A7A65C84-277C-49A6-8C9D-95DF3DA79DCA} = {A7A65C84-277C-49A6-8C9D-95DF3DA79DCA}
		{C7682294-3642-42F8-B63D-A3EBA544DB34} = {C7682294-3642-42F8-B63D-A3EBA544DB34}
		{E384BB98-17A1-4680-9CF4-F01DEBEC86F3} = {E384BB98-17A1-4680-9CF4-F01DEBEC86F3}
		{14D1DC9B-AABF-46B0-AD9E-A6FF16E283E5} = {14D1DC9B-AABF-46B0-AD9E-A6FF16E283E5}
		{DCA428A2-D029-4F18-B03E-53612C7EB719} = {DCA428A2-D029-4F18-B03E-53612C7EB719}
		{24805AB6-208C-45A1-8BAF-3D77FA0B62CA} = {24805AB6-208C-45A1-8BAF-3D77FA0B62CA}
		{9D7025CD-99C1-4BCC-AD28-8C5DC39E37E2} = {9D7025CD-99C1-4BCC-AD28-8C5DC39E37E2}
		{E61AC8D6-A870-4B4C-B67D-6C2D4C4B73A8} = {E61AC8D6-A870-4B4C-B67D-6C2D4C4B73A8}
	EndProjectSection
EndProject
Project("{FAE04EC0-301F-11D3-BF4B-00C04F79EFBC}") = "EA.Tasks", "EA.Tasks\EA.Tasks.csproj", "{A72AF206-6702-4925-8380-4DDBF1795EFE}"
EndProject
Project("{FAE04EC0-301F-11D3-BF4B-00C04F79EFBC}") = "ICSharpCode.SharpZipLib", "ICSharpCode.SharpZipLib\ICSharpCode.SharpZipLib.csproj", "{9D7025CD-99C1-4BCC-AD28-8C5DC39E37E2}"
EndProject
Project("{FAE04EC0-301F-11D3-BF4B-00C04F79EFBC}") = "NAnt.Tasks", "NAnt.Tasks\NAnt.Tasks.csproj", "{CECC381A-162C-48CC-A36D-C73F69A231CC}"
EndProject
Project("{2150E333-8FDC-42A3-9474-1A3956D46DE8}") = "EA.DependencyGenerators", "EA.DependencyGenerators", "{B5FDF8C1-EC0F-4C9A-8744-8FB6AB68C5D4}"
EndProject
Project("{FAE04EC0-301F-11D3-BF4B-00C04F79EFBC}") = "EA.DependencyGenerator.GCC", "EA.DependencyGenerators\EA.DependencyGenerator.GCC\EA.DependencyGenerator.GCC.csproj", "{68BFD71B-1907-4DB8-8A93-533330BB0D6B}"
EndProject
Project("{8BC9CEB8-8B4A-11D0-8D11-00A0C91BC942}") = "EA.DependencyGenerator_32", "EA.DependencyGenerators\EA.DependencyGenerator\EA.DependencyGenerator_32.vcxproj", "{E384BB98-17A1-4680-9CF4-F01DEBEC86F3}"
EndProject
Project("{8BC9CEB8-8B4A-11D0-8D11-00A0C91BC942}") = "EA.DependencyGenerator_64", "EA.DependencyGenerators\EA.DependencyGenerator\EA.DependencyGenerator_64.vcxproj", "{C6543213-1DA4-4C93-B8DD-DB53DE50F6D4}"
EndProject
Project("{2150E333-8FDC-42A3-9474-1A3956D46DE8}") = "EA.PackageSystem", "EA.PackageSystem", "{68C829D8-CBF2-4AA7-A48E-2D9A6B94FE03}"
EndProject
Project("{2150E333-8FDC-42A3-9474-1A3956D46DE8}") = "EA.Config", "EA.Config", "{A02BC1BD-6C93-4C70-B810-C017ED888058}"
EndProject
Project("{FAE04EC0-301F-11D3-BF4B-00C04F79EFBC}") = "config", "..\..\..\eaconfig\dev\config.csproj", "{E0CCC42B-4A97-49A1-AE0B-9321BCFD4E0D}"
EndProject
Project("{FAE04EC0-301F-11D3-BF4B-00C04F79EFBC}") = "eapm", "EA.PackageSystem\eapm\eapm.csproj", "{58CB1609-692C-467F-A710-62A236484792}"
EndProject
Project("{FAE04EC0-301F-11D3-BF4B-00C04F79EFBC}") = "PackageInstaller", "EA.PackageSystem\PackageInstaller\PackageInstaller.csproj", "{14D1DC9B-AABF-46B0-AD9E-A6FF16E283E5}"
EndProject
Project("{FAE04EC0-301F-11D3-BF4B-00C04F79EFBC}") = "PackageManager", "EA.PackageSystem\PackageManager\PackageManager.csproj", "{51458A3E-1B87-4AA7-B4D3-4F23167CDD01}"
EndProject
Project("{FAE04EC0-301F-11D3-BF4B-00C04F79EFBC}") = "WebServicePackageServer", "EA.PackageSystem\WebServicePackageServer\WebServicePackageServer.csproj", "{C7682294-3642-42F8-B63D-A3EBA544DB34}"
EndProject
Project("{2150E333-8FDC-42A3-9474-1A3956D46DE8}") = "data", "data", "{021029BF-E150-4A95-BE2E-84EB4415AD4B}"
	ProjectSection(SolutionItems) = preProject
		..\data\FrameworkMsbuild.tasks = ..\data\FrameworkMsbuild.tasks
		..\data\options.xml = ..\data\options.xml
		..\data\options_msbuild.xml = ..\data\options_msbuild.xml
	EndProjectSection
EndProject
Project("{FAE04EC0-301F-11D3-BF4B-00C04F79EFBC}") = "DefaultMetricsProcessor", "DefaultMetricsProcessor\DefaultMetricsProcessor.csproj", "{E61AC8D6-A870-4B4C-B67D-6C2D4C4B73A8}"
EndProject
Project("{FAE04EC0-301F-11D3-BF4B-00C04F79EFBC}") = "FrameworkTelemetryProcessor", "FrameworkTelemetryProcessor\FrameworkTelemetryProcessor.csproj", "{24805AB6-208C-45A1-8BAF-3D77FA0B62CA}"
EndProject
Project("{2150E333-8FDC-42A3-9474-1A3956D46DE8}") = "_Setup_", "_Setup_", "{DEF399B6-4905-4F53-8B62-6761E52D7D27}"
	ProjectSection(SolutionItems) = preProject
		..\3RDPARTYLICENSES.TXT = ..\3RDPARTYLICENSES.TXT
		..\COPYING.txt = ..\COPYING.txt
		..\COPYRIGHT.txt = ..\COPYRIGHT.txt
		..\EA_DEV_SOFTWARE_LICENSE.TXT = ..\EA_DEV_SOFTWARE_LICENSE.TXT
		..\Framework.build = ..\Framework.build
		..\license.html = ..\license.html
		..\Manifest.xml = ..\Manifest.xml
		..\nant = ..\nant
		..\nant.bat = ..\nant.bat
		..\readme_unix.txt = ..\readme_unix.txt
	EndProjectSection
EndProject
Project("{8BC9CEB8-8B4A-11D0-8D11-00A0C91BC942}") = "Package_NAnt", "Installer\Package_NAnt.vcxproj", "{E11564F5-185A-4250-B338-3889F5BDF533}"
EndProject
Project("{FAE04EC0-301F-11D3-BF4B-00C04F79EFBC}") = "MasterConfigUpdater", "EA.PackageSystem\MasterConfigUpdater\MasterConfigUpdater.csproj", "{3AFB72F2-C9A1-4A98-96BA-EBC87FDEBF7C}"
	ProjectSection(ProjectDependencies) = postProject
		{C7682294-3642-42F8-B63D-A3EBA544DB34} = {C7682294-3642-42F8-B63D-A3EBA544DB34}
	EndProjectSection
EndProject
Project("{2150E333-8FDC-42A3-9474-1A3956D46DE8}") = "EA.Tools", "EA.Tools", "{E98178F0-5B1B-430A-90DA-44B6963B2D98}"
EndProject
Project("{FAE04EC0-301F-11D3-BF4B-00C04F79EFBC}") = "mkdir", "EA.Tools\mkdir\mkdir.csproj", "{A7A65C84-277C-49A6-8C9D-95DF3DA79DCA}"
EndProject
Project("{FAE04EC0-301F-11D3-BF4B-00C04F79EFBC}") = "copy", "EA.Tools\copy\copy.csproj", "{DCA428A2-D029-4F18-B03E-53612C7EB719}"
EndProject
Global
	GlobalSection(SolutionConfigurationPlatforms) = preSolution
		Debug|Mixed Platforms = Debug|Mixed Platforms
		Debug-Parallel-Transition|Mixed Platforms = Debug-Parallel-Transition|Mixed Platforms
		Release|Mixed Platforms = Release|Mixed Platforms
		Release-Parallel-Transition|Mixed Platforms = Release-Parallel-Transition|Mixed Platforms
	EndGlobalSection
	GlobalSection(ProjectConfigurationPlatforms) = postSolution
		{189D7914-E190-478E-AE0D-9A065279C703}.Debug|Mixed Platforms.ActiveCfg = Debug|Any CPU
		{189D7914-E190-478E-AE0D-9A065279C703}.Debug|Mixed Platforms.Build.0 = Debug|Any CPU
		{189D7914-E190-478E-AE0D-9A065279C703}.Debug-Parallel-Transition|Mixed Platforms.ActiveCfg = Debug-Parallel-Transition|Any CPU
		{189D7914-E190-478E-AE0D-9A065279C703}.Debug-Parallel-Transition|Mixed Platforms.Build.0 = Debug-Parallel-Transition|Any CPU
		{189D7914-E190-478E-AE0D-9A065279C703}.Release|Mixed Platforms.ActiveCfg = Release|Any CPU
		{189D7914-E190-478E-AE0D-9A065279C703}.Release|Mixed Platforms.Build.0 = Release|Any CPU
		{189D7914-E190-478E-AE0D-9A065279C703}.Release-Parallel-Transition|Mixed Platforms.ActiveCfg = Release-Parallel-Transition|Any CPU
		{189D7914-E190-478E-AE0D-9A065279C703}.Release-Parallel-Transition|Mixed Platforms.Build.0 = Release-Parallel-Transition|Any CPU
		{66BE628C-F071-4831-872D-2BA356CE547F}.Debug|Mixed Platforms.ActiveCfg = Debug|Any CPU
		{66BE628C-F071-4831-872D-2BA356CE547F}.Debug|Mixed Platforms.Build.0 = Debug|Any CPU
		{66BE628C-F071-4831-872D-2BA356CE547F}.Debug-Parallel-Transition|Mixed Platforms.ActiveCfg = Debug-Parallel-Transition|Any CPU
		{66BE628C-F071-4831-872D-2BA356CE547F}.Debug-Parallel-Transition|Mixed Platforms.Build.0 = Debug-Parallel-Transition|Any CPU
		{66BE628C-F071-4831-872D-2BA356CE547F}.Release|Mixed Platforms.ActiveCfg = Release|Any CPU
		{66BE628C-F071-4831-872D-2BA356CE547F}.Release|Mixed Platforms.Build.0 = Release|Any CPU
		{66BE628C-F071-4831-872D-2BA356CE547F}.Release-Parallel-Transition|Mixed Platforms.ActiveCfg = Release-Parallel-Transition|Any CPU
		{66BE628C-F071-4831-872D-2BA356CE547F}.Release-Parallel-Transition|Mixed Platforms.Build.0 = Release-Parallel-Transition|Any CPU
		{A72AF206-6702-4925-8380-4DDBF1795EFE}.Debug|Mixed Platforms.ActiveCfg = Debug|Any CPU
		{A72AF206-6702-4925-8380-4DDBF1795EFE}.Debug|Mixed Platforms.Build.0 = Debug|Any CPU
		{A72AF206-6702-4925-8380-4DDBF1795EFE}.Debug-Parallel-Transition|Mixed Platforms.ActiveCfg = Debug-Parallel-Transition|Any CPU
		{A72AF206-6702-4925-8380-4DDBF1795EFE}.Debug-Parallel-Transition|Mixed Platforms.Build.0 = Debug-Parallel-Transition|Any CPU
		{A72AF206-6702-4925-8380-4DDBF1795EFE}.Release|Mixed Platforms.ActiveCfg = Release|Any CPU
		{A72AF206-6702-4925-8380-4DDBF1795EFE}.Release|Mixed Platforms.Build.0 = Release|Any CPU
		{A72AF206-6702-4925-8380-4DDBF1795EFE}.Release-Parallel-Transition|Mixed Platforms.ActiveCfg = Release-Parallel-Transition|Any CPU
		{A72AF206-6702-4925-8380-4DDBF1795EFE}.Release-Parallel-Transition|Mixed Platforms.Build.0 = Release-Parallel-Transition|Any CPU
		{9D7025CD-99C1-4BCC-AD28-8C5DC39E37E2}.Debug|Mixed Platforms.ActiveCfg = Debug|Any CPU
		{9D7025CD-99C1-4BCC-AD28-8C5DC39E37E2}.Debug|Mixed Platforms.Build.0 = Debug|Any CPU
		{9D7025CD-99C1-4BCC-AD28-8C5DC39E37E2}.Debug-Parallel-Transition|Mixed Platforms.ActiveCfg = Debug|Any CPU
		{9D7025CD-99C1-4BCC-AD28-8C5DC39E37E2}.Debug-Parallel-Transition|Mixed Platforms.Build.0 = Debug|Any CPU
		{9D7025CD-99C1-4BCC-AD28-8C5DC39E37E2}.Release|Mixed Platforms.ActiveCfg = Release|Any CPU
		{9D7025CD-99C1-4BCC-AD28-8C5DC39E37E2}.Release|Mixed Platforms.Build.0 = Release|Any CPU
		{9D7025CD-99C1-4BCC-AD28-8C5DC39E37E2}.Release-Parallel-Transition|Mixed Platforms.ActiveCfg = Release|Any CPU
		{9D7025CD-99C1-4BCC-AD28-8C5DC39E37E2}.Release-Parallel-Transition|Mixed Platforms.Build.0 = Release|Any CPU
		{CECC381A-162C-48CC-A36D-C73F69A231CC}.Debug|Mixed Platforms.ActiveCfg = Debug|Any CPU
		{CECC381A-162C-48CC-A36D-C73F69A231CC}.Debug|Mixed Platforms.Build.0 = Debug|Any CPU
		{CECC381A-162C-48CC-A36D-C73F69A231CC}.Debug-Parallel-Transition|Mixed Platforms.ActiveCfg = Debug|Any CPU
		{CECC381A-162C-48CC-A36D-C73F69A231CC}.Debug-Parallel-Transition|Mixed Platforms.Build.0 = Debug|Any CPU
		{CECC381A-162C-48CC-A36D-C73F69A231CC}.Release|Mixed Platforms.ActiveCfg = Release|Any CPU
		{CECC381A-162C-48CC-A36D-C73F69A231CC}.Release|Mixed Platforms.Build.0 = Release|Any CPU
		{CECC381A-162C-48CC-A36D-C73F69A231CC}.Release-Parallel-Transition|Mixed Platforms.ActiveCfg = Release|Any CPU
		{CECC381A-162C-48CC-A36D-C73F69A231CC}.Release-Parallel-Transition|Mixed Platforms.Build.0 = Release|Any CPU
		{68BFD71B-1907-4DB8-8A93-533330BB0D6B}.Debug|Mixed Platforms.ActiveCfg = Debug|Any CPU
		{68BFD71B-1907-4DB8-8A93-533330BB0D6B}.Debug|Mixed Platforms.Build.0 = Debug|Any CPU
		{68BFD71B-1907-4DB8-8A93-533330BB0D6B}.Debug-Parallel-Transition|Mixed Platforms.ActiveCfg = Debug|Any CPU
		{68BFD71B-1907-4DB8-8A93-533330BB0D6B}.Debug-Parallel-Transition|Mixed Platforms.Build.0 = Debug|Any CPU
		{68BFD71B-1907-4DB8-8A93-533330BB0D6B}.Release|Mixed Platforms.ActiveCfg = Release|Any CPU
		{68BFD71B-1907-4DB8-8A93-533330BB0D6B}.Release|Mixed Platforms.Build.0 = Release|Any CPU
		{68BFD71B-1907-4DB8-8A93-533330BB0D6B}.Release-Parallel-Transition|Mixed Platforms.ActiveCfg = Release|Any CPU
		{68BFD71B-1907-4DB8-8A93-533330BB0D6B}.Release-Parallel-Transition|Mixed Platforms.Build.0 = Release|Any CPU
		{E384BB98-17A1-4680-9CF4-F01DEBEC86F3}.Debug|Mixed Platforms.ActiveCfg = Debug|Win32
		{E384BB98-17A1-4680-9CF4-F01DEBEC86F3}.Debug|Mixed Platforms.Build.0 = Debug|Win32
		{E384BB98-17A1-4680-9CF4-F01DEBEC86F3}.Debug-Parallel-Transition|Mixed Platforms.ActiveCfg = Debug|Win32
		{E384BB98-17A1-4680-9CF4-F01DEBEC86F3}.Debug-Parallel-Transition|Mixed Platforms.Build.0 = Debug|Win32
		{E384BB98-17A1-4680-9CF4-F01DEBEC86F3}.Release|Mixed Platforms.ActiveCfg = Release|Win32
		{E384BB98-17A1-4680-9CF4-F01DEBEC86F3}.Release|Mixed Platforms.Build.0 = Release|Win32
		{E384BB98-17A1-4680-9CF4-F01DEBEC86F3}.Release-Parallel-Transition|Mixed Platforms.ActiveCfg = Release|Win32
		{E384BB98-17A1-4680-9CF4-F01DEBEC86F3}.Release-Parallel-Transition|Mixed Platforms.Build.0 = Release|Win32
		{C6543213-1DA4-4C93-B8DD-DB53DE50F6D4}.Debug|Mixed Platforms.ActiveCfg = Debug|x64
		{C6543213-1DA4-4C93-B8DD-DB53DE50F6D4}.Debug|Mixed Platforms.Build.0 = Debug|x64
		{C6543213-1DA4-4C93-B8DD-DB53DE50F6D4}.Debug-Parallel-Transition|Mixed Platforms.ActiveCfg = Debug|x64
		{C6543213-1DA4-4C93-B8DD-DB53DE50F6D4}.Debug-Parallel-Transition|Mixed Platforms.Build.0 = Debug|x64
		{C6543213-1DA4-4C93-B8DD-DB53DE50F6D4}.Release|Mixed Platforms.ActiveCfg = Release|x64
		{C6543213-1DA4-4C93-B8DD-DB53DE50F6D4}.Release|Mixed Platforms.Build.0 = Release|x64
		{C6543213-1DA4-4C93-B8DD-DB53DE50F6D4}.Release-Parallel-Transition|Mixed Platforms.ActiveCfg = Release|x64
		{C6543213-1DA4-4C93-B8DD-DB53DE50F6D4}.Release-Parallel-Transition|Mixed Platforms.Build.0 = Release|x64
		{E0CCC42B-4A97-49A1-AE0B-9321BCFD4E0D}.Debug|Mixed Platforms.ActiveCfg = Debug|Any CPU
		{E0CCC42B-4A97-49A1-AE0B-9321BCFD4E0D}.Debug-Parallel-Transition|Mixed Platforms.ActiveCfg = Debug|Any CPU
		{E0CCC42B-4A97-49A1-AE0B-9321BCFD4E0D}.Release|Mixed Platforms.ActiveCfg = Release|Any CPU
		{E0CCC42B-4A97-49A1-AE0B-9321BCFD4E0D}.Release-Parallel-Transition|Mixed Platforms.ActiveCfg = Release|Any CPU
		{58CB1609-692C-467F-A710-62A236484792}.Debug|Mixed Platforms.ActiveCfg = Debug|Any CPU
		{58CB1609-692C-467F-A710-62A236484792}.Debug|Mixed Platforms.Build.0 = Debug|Any CPU
		{58CB1609-692C-467F-A710-62A236484792}.Debug-Parallel-Transition|Mixed Platforms.ActiveCfg = Debug|Any CPU
		{58CB1609-692C-467F-A710-62A236484792}.Debug-Parallel-Transition|Mixed Platforms.Build.0 = Debug|Any CPU
		{58CB1609-692C-467F-A710-62A236484792}.Release|Mixed Platforms.ActiveCfg = Release|Any CPU
		{58CB1609-692C-467F-A710-62A236484792}.Release|Mixed Platforms.Build.0 = Release|Any CPU
		{58CB1609-692C-467F-A710-62A236484792}.Release-Parallel-Transition|Mixed Platforms.ActiveCfg = Release|Any CPU
		{58CB1609-692C-467F-A710-62A236484792}.Release-Parallel-Transition|Mixed Platforms.Build.0 = Release|Any CPU
		{14D1DC9B-AABF-46B0-AD9E-A6FF16E283E5}.Debug|Mixed Platforms.ActiveCfg = Debug|x86
		{14D1DC9B-AABF-46B0-AD9E-A6FF16E283E5}.Debug|Mixed Platforms.Build.0 = Debug|x86
		{14D1DC9B-AABF-46B0-AD9E-A6FF16E283E5}.Debug-Parallel-Transition|Mixed Platforms.ActiveCfg = Debug|x86
		{14D1DC9B-AABF-46B0-AD9E-A6FF16E283E5}.Debug-Parallel-Transition|Mixed Platforms.Build.0 = Debug|x86
		{14D1DC9B-AABF-46B0-AD9E-A6FF16E283E5}.Release|Mixed Platforms.ActiveCfg = Release|x86
		{14D1DC9B-AABF-46B0-AD9E-A6FF16E283E5}.Release|Mixed Platforms.Build.0 = Release|x86
		{14D1DC9B-AABF-46B0-AD9E-A6FF16E283E5}.Release-Parallel-Transition|Mixed Platforms.ActiveCfg = Release|x86
		{14D1DC9B-AABF-46B0-AD9E-A6FF16E283E5}.Release-Parallel-Transition|Mixed Platforms.Build.0 = Release|x86
		{51458A3E-1B87-4AA7-B4D3-4F23167CDD01}.Debug|Mixed Platforms.ActiveCfg = Debug|x86
		{51458A3E-1B87-4AA7-B4D3-4F23167CDD01}.Debug|Mixed Platforms.Build.0 = Debug|x86
		{51458A3E-1B87-4AA7-B4D3-4F23167CDD01}.Debug-Parallel-Transition|Mixed Platforms.ActiveCfg = Debug|x86
		{51458A3E-1B87-4AA7-B4D3-4F23167CDD01}.Debug-Parallel-Transition|Mixed Platforms.Build.0 = Debug|x86
		{51458A3E-1B87-4AA7-B4D3-4F23167CDD01}.Release|Mixed Platforms.ActiveCfg = Release|x86
		{51458A3E-1B87-4AA7-B4D3-4F23167CDD01}.Release|Mixed Platforms.Build.0 = Release|x86
		{51458A3E-1B87-4AA7-B4D3-4F23167CDD01}.Release-Parallel-Transition|Mixed Platforms.ActiveCfg = Release|x86
		{51458A3E-1B87-4AA7-B4D3-4F23167CDD01}.Release-Parallel-Transition|Mixed Platforms.Build.0 = Release|x86
		{C7682294-3642-42F8-B63D-A3EBA544DB34}.Debug|Mixed Platforms.ActiveCfg = Debug|Any CPU
		{C7682294-3642-42F8-B63D-A3EBA544DB34}.Debug|Mixed Platforms.Build.0 = Debug|Any CPU
		{C7682294-3642-42F8-B63D-A3EBA544DB34}.Debug-Parallel-Transition|Mixed Platforms.ActiveCfg = Debug|Any CPU
		{C7682294-3642-42F8-B63D-A3EBA544DB34}.Debug-Parallel-Transition|Mixed Platforms.Build.0 = Debug|Any CPU
		{C7682294-3642-42F8-B63D-A3EBA544DB34}.Release|Mixed Platforms.ActiveCfg = Release|Any CPU
		{C7682294-3642-42F8-B63D-A3EBA544DB34}.Release|Mixed Platforms.Build.0 = Release|Any CPU
		{C7682294-3642-42F8-B63D-A3EBA544DB34}.Release-Parallel-Transition|Mixed Platforms.ActiveCfg = Release|Any CPU
		{C7682294-3642-42F8-B63D-A3EBA544DB34}.Release-Parallel-Transition|Mixed Platforms.Build.0 = Release|Any CPU
		{E61AC8D6-A870-4B4C-B67D-6C2D4C4B73A8}.Debug|Mixed Platforms.ActiveCfg = Debug|Any CPU
		{E61AC8D6-A870-4B4C-B67D-6C2D4C4B73A8}.Debug|Mixed Platforms.Build.0 = Debug|Any CPU
		{E61AC8D6-A870-4B4C-B67D-6C2D4C4B73A8}.Debug-Parallel-Transition|Mixed Platforms.ActiveCfg = Debug|Any CPU
		{E61AC8D6-A870-4B4C-B67D-6C2D4C4B73A8}.Debug-Parallel-Transition|Mixed Platforms.Build.0 = Debug|Any CPU
		{E61AC8D6-A870-4B4C-B67D-6C2D4C4B73A8}.Release|Mixed Platforms.ActiveCfg = Release|Any CPU
		{E61AC8D6-A870-4B4C-B67D-6C2D4C4B73A8}.Release|Mixed Platforms.Build.0 = Release|Any CPU
		{E61AC8D6-A870-4B4C-B67D-6C2D4C4B73A8}.Release-Parallel-Transition|Mixed Platforms.ActiveCfg = Release|Any CPU
		{E61AC8D6-A870-4B4C-B67D-6C2D4C4B73A8}.Release-Parallel-Transition|Mixed Platforms.Build.0 = Release|Any CPU
		{24805AB6-208C-45A1-8BAF-3D77FA0B62CA}.Debug|Mixed Platforms.ActiveCfg = Debug|Any CPU
		{24805AB6-208C-45A1-8BAF-3D77FA0B62CA}.Debug|Mixed Platforms.Build.0 = Debug|Any CPU
		{24805AB6-208C-45A1-8BAF-3D77FA0B62CA}.Debug-Parallel-Transition|Mixed Platforms.ActiveCfg = Debug|Any CPU
		{24805AB6-208C-45A1-8BAF-3D77FA0B62CA}.Debug-Parallel-Transition|Mixed Platforms.Build.0 = Debug|Any CPU
		{24805AB6-208C-45A1-8BAF-3D77FA0B62CA}.Release|Mixed Platforms.ActiveCfg = Release|Any CPU
		{24805AB6-208C-45A1-8BAF-3D77FA0B62CA}.Release|Mixed Platforms.Build.0 = Release|Any CPU
		{24805AB6-208C-45A1-8BAF-3D77FA0B62CA}.Release-Parallel-Transition|Mixed Platforms.ActiveCfg = Release|Any CPU
		{24805AB6-208C-45A1-8BAF-3D77FA0B62CA}.Release-Parallel-Transition|Mixed Platforms.Build.0 = Release|Any CPU
		{E11564F5-185A-4250-B338-3889F5BDF533}.Debug|Mixed Platforms.ActiveCfg = Release|Win32
		{E11564F5-185A-4250-B338-3889F5BDF533}.Debug-Parallel-Transition|Mixed Platforms.ActiveCfg = Release|Win32
		{E11564F5-185A-4250-B338-3889F5BDF533}.Release|Mixed Platforms.ActiveCfg = Release|Win32
		{E11564F5-185A-4250-B338-3889F5BDF533}.Release-Parallel-Transition|Mixed Platforms.ActiveCfg = Release|Win32
		{3AFB72F2-C9A1-4A98-96BA-EBC87FDEBF7C}.Debug|Mixed Platforms.ActiveCfg = Debug|x86
		{3AFB72F2-C9A1-4A98-96BA-EBC87FDEBF7C}.Debug|Mixed Platforms.Build.0 = Debug|x86
		{3AFB72F2-C9A1-4A98-96BA-EBC87FDEBF7C}.Debug-Parallel-Transition|Mixed Platforms.ActiveCfg = Debug|x86
		{3AFB72F2-C9A1-4A98-96BA-EBC87FDEBF7C}.Debug-Parallel-Transition|Mixed Platforms.Build.0 = Debug|x86
		{3AFB72F2-C9A1-4A98-96BA-EBC87FDEBF7C}.Release|Mixed Platforms.ActiveCfg = Release|x86
		{3AFB72F2-C9A1-4A98-96BA-EBC87FDEBF7C}.Release|Mixed Platforms.Build.0 = Release|x86
		{3AFB72F2-C9A1-4A98-96BA-EBC87FDEBF7C}.Release-Parallel-Transition|Mixed Platforms.ActiveCfg = Release|x86
		{3AFB72F2-C9A1-4A98-96BA-EBC87FDEBF7C}.Release-Parallel-Transition|Mixed Platforms.Build.0 = Release|x86
		{A7A65C84-277C-49A6-8C9D-95DF3DA79DCA}.Debug|Mixed Platforms.ActiveCfg = Debug|Any CPU
		{A7A65C84-277C-49A6-8C9D-95DF3DA79DCA}.Debug|Mixed Platforms.Build.0 = Debug|Any CPU
		{A7A65C84-277C-49A6-8C9D-95DF3DA79DCA}.Debug-Parallel-Transition|Mixed Platforms.ActiveCfg = Debug|Any CPU
		{A7A65C84-277C-49A6-8C9D-95DF3DA79DCA}.Debug-Parallel-Transition|Mixed Platforms.Build.0 = Debug|Any CPU
		{A7A65C84-277C-49A6-8C9D-95DF3DA79DCA}.Release|Mixed Platforms.ActiveCfg = Release|Any CPU
		{A7A65C84-277C-49A6-8C9D-95DF3DA79DCA}.Release|Mixed Platforms.Build.0 = Release|Any CPU
		{A7A65C84-277C-49A6-8C9D-95DF3DA79DCA}.Release-Parallel-Transition|Mixed Platforms.ActiveCfg = Release|Any CPU
		{A7A65C84-277C-49A6-8C9D-95DF3DA79DCA}.Release-Parallel-Transition|Mixed Platforms.Build.0 = Release|Any CPU
		{DCA428A2-D029-4F18-B03E-53612C7EB719}.Debug|Mixed Platforms.ActiveCfg = Debug|Any CPU
		{DCA428A2-D029-4F18-B03E-53612C7EB719}.Debug|Mixed Platforms.Build.0 = Debug|Any CPU
		{DCA428A2-D029-4F18-B03E-53612C7EB719}.Debug-Parallel-Transition|Mixed Platforms.ActiveCfg = Debug|Any CPU
		{DCA428A2-D029-4F18-B03E-53612C7EB719}.Debug-Parallel-Transition|Mixed Platforms.Build.0 = Debug|Any CPU
		{DCA428A2-D029-4F18-B03E-53612C7EB719}.Release|Mixed Platforms.ActiveCfg = Release|Any CPU
		{DCA428A2-D029-4F18-B03E-53612C7EB719}.Release|Mixed Platforms.Build.0 = Release|Any CPU
		{DCA428A2-D029-4F18-B03E-53612C7EB719}.Release-Parallel-Transition|Mixed Platforms.ActiveCfg = Release|Any CPU
		{DCA428A2-D029-4F18-B03E-53612C7EB719}.Release-Parallel-Transition|Mixed Platforms.Build.0 = Release|Any CPU
	EndGlobalSection
	GlobalSection(SolutionProperties) = preSolution
		HideSolutionNode = FALSE
	EndGlobalSection
	GlobalSection(NestedProjects) = preSolution
		{68BFD71B-1907-4DB8-8A93-533330BB0D6B} = {B5FDF8C1-EC0F-4C9A-8744-8FB6AB68C5D4}
		{E384BB98-17A1-4680-9CF4-F01DEBEC86F3} = {B5FDF8C1-EC0F-4C9A-8744-8FB6AB68C5D4}
		{C6543213-1DA4-4C93-B8DD-DB53DE50F6D4} = {B5FDF8C1-EC0F-4C9A-8744-8FB6AB68C5D4}
		{58CB1609-692C-467F-A710-62A236484792} = {68C829D8-CBF2-4AA7-A48E-2D9A6B94FE03}
		{14D1DC9B-AABF-46B0-AD9E-A6FF16E283E5} = {68C829D8-CBF2-4AA7-A48E-2D9A6B94FE03}
		{51458A3E-1B87-4AA7-B4D3-4F23167CDD01} = {68C829D8-CBF2-4AA7-A48E-2D9A6B94FE03}
		{C7682294-3642-42F8-B63D-A3EBA544DB34} = {68C829D8-CBF2-4AA7-A48E-2D9A6B94FE03}
		{3AFB72F2-C9A1-4A98-96BA-EBC87FDEBF7C} = {68C829D8-CBF2-4AA7-A48E-2D9A6B94FE03}
		{E0CCC42B-4A97-49A1-AE0B-9321BCFD4E0D} = {A02BC1BD-6C93-4C70-B810-C017ED888058}
		{E11564F5-185A-4250-B338-3889F5BDF533} = {DEF399B6-4905-4F53-8B62-6761E52D7D27}
		{A7A65C84-277C-49A6-8C9D-95DF3DA79DCA} = {E98178F0-5B1B-430A-90DA-44B6963B2D98}
		{DCA428A2-D029-4F18-B03E-53612C7EB719} = {E98178F0-5B1B-430A-90DA-44B6963B2D98}
	EndGlobalSection
EndGlobal
