
Microsoft Visual Studio Solution File, Format Version 12.00
# Visual Studio 15
VisualStudioVersion = 15.0.28307.757
MinimumVisualStudioVersion = 10.0.40219.1
Project("{9092AA53-FB77-4645-B42D-1CCCA6BD08BD}") = "mockexternalservicexone", "mockexternalservicexone\mockexternalservicexone.njsproj", "{70F43D3C-C4D9-488D-83E2-AE579D38FB29}"
EndProject
Project("{9092AA53-FB77-4645-B42D-1CCCA6BD08BD}") = "mockexternalserviceps4", "mockexternalserviceps4\mockexternalserviceps4.njsproj", "{EDA8AAED-2953-4D6D-AE74-689E9EF44702}"
EndProject
Project("{2150E333-8FDC-42A3-9474-1A3956D46DE8}") = "common", "common", "{A18DC269-7421-4B92-9130-8B5B27E5A595}"
	ProjectSection(SolutionItems) = preProject
		common\logutil.js = common\logutil.js
		common\outageutil.js = common\outageutil.js
		common\responseutil.js = common\responseutil.js
	EndProjectSection
EndProject
Project("{9092AA53-FB77-4645-B42D-1CCCA6BD08BD}") = "mockexternalserviceps5", "mockexternalserviceps5\mockexternalserviceps5.njsproj", "{DB7B0C3F-B886-44E9-862B-A15EAB175F5F}"
EndProject
Global
	GlobalSection(SolutionConfigurationPlatforms) = preSolution
		Debug|Any CPU = Debug|Any CPU
		Release|Any CPU = Release|Any CPU
	EndGlobalSection
	GlobalSection(ProjectConfigurationPlatforms) = postSolution
		{70F43D3C-C4D9-488D-83E2-AE579D38FB29}.Debug|Any CPU.ActiveCfg = Debug|Any CPU
		{70F43D3C-C4D9-488D-83E2-AE579D38FB29}.Debug|Any CPU.Build.0 = Debug|Any CPU
		{70F43D3C-C4D9-488D-83E2-AE579D38FB29}.Release|Any CPU.ActiveCfg = Release|Any CPU
		{70F43D3C-C4D9-488D-83E2-AE579D38FB29}.Release|Any CPU.Build.0 = Release|Any CPU
		{EDA8AAED-2953-4D6D-AE74-689E9EF44702}.Debug|Any CPU.ActiveCfg = Debug|Any CPU
		{EDA8AAED-2953-4D6D-AE74-689E9EF44702}.Debug|Any CPU.Build.0 = Debug|Any CPU
		{EDA8AAED-2953-4D6D-AE74-689E9EF44702}.Release|Any CPU.ActiveCfg = Release|Any CPU
		{EDA8AAED-2953-4D6D-AE74-689E9EF44702}.Release|Any CPU.Build.0 = Release|Any CPU
		{DB7B0C3F-B886-44E9-862B-A15EAB175F5F}.Debug|Any CPU.ActiveCfg = Debug|Any CPU
		{DB7B0C3F-B886-44E9-862B-A15EAB175F5F}.Debug|Any CPU.Build.0 = Debug|Any CPU
		{DB7B0C3F-B886-44E9-862B-A15EAB175F5F}.Release|Any CPU.ActiveCfg = Release|Any CPU
		{DB7B0C3F-B886-44E9-862B-A15EAB175F5F}.Release|Any CPU.Build.0 = Release|Any CPU
	EndGlobalSection
	GlobalSection(SolutionProperties) = preSolution
		HideSolutionNode = FALSE
	EndGlobalSection
	GlobalSection(ExtensibilityGlobals) = postSolution
		SolutionGuid = {6BE901DA-1D70-4DB5-B80C-555FF2726A0C}
	EndGlobalSection
EndGlobal
