<?xml version="1.0" encoding="utf-8"?>
<Project ToolsVersion="4.0" xmlns="http://schemas.microsoft.com/developer/msbuild/2003">
  <ItemGroup>
    <Filter Include="Hooking">
      <UniqueIdentifier>{81e5a5a0-bfaa-4d20-9fff-6e2364b0d009}</UniqueIdentifier>
    </Filter>
    <Filter Include="Hooking\Disasm">
      <UniqueIdentifier>{931d60f2-39a4-425d-90ba-598805c69cb7}</UniqueIdentifier>
    </Filter>
    <Filter Include="Hooking\Mhook">
      <UniqueIdentifier>{cd208a80-b77d-4e9e-a6eb-a24ffb595b9e}</UniqueIdentifier>
    </Filter>
    <Filter Include="Source Files">
      <UniqueIdentifier>{3f5c4e76-c4e6-493f-94a7-f0d2fd692474}</UniqueIdentifier>
      <Extensions>cpp;c;cc;cxx;def;odl;idl;hpj;bat;asm;asmx</Extensions>
    </Filter>
    <Filter Include="Header Files">
      <UniqueIdentifier>{fb01d4f3-c90f-4886-9cd9-347a93c39ce7}</UniqueIdentifier>
      <Extensions>h;hpp;hxx;hm;inl;inc;xsd</Extensions>
    </Filter>
    <Filter Include="Resource">
      <UniqueIdentifier>{905f8375-5e95-4aed-948c-f46aab769080}</UniqueIdentifier>
    </Filter>
  </ItemGroup>
  <ItemGroup>
    <ClCompile Include="Disasm\disasm.c">
      <Filter>Hooking\Disasm</Filter>
    </ClCompile>
    <ClCompile Include="Disasm\disasm_x86.c">
      <Filter>Hooking\Disasm</Filter>
    </ClCompile>
    <ClCompile Include="Disasm\misc.c">
      <Filter>Hooking\Disasm</Filter>
    </ClCompile>
    <ClCompile Include="Disasm\cpu.c">
      <Filter>Hooking\Disasm</Filter>
    </ClCompile>
    <ClCompile Include="Mhook\mhook.cpp">
      <Filter>Hooking\Mhook</Filter>
    </ClCompile>
    <ClCompile Include="DX9Hook.cpp">
      <Filter>Source Files</Filter>
    </ClCompile>
    <ClCompile Include="DllMain.cpp">
      <Filter>Source Files</Filter>
    </ClCompile>
    <ClCompile Include="HookAPI.cpp">
      <Filter>Source Files</Filter>
    </ClCompile>
    <ClCompile Include="IGOApplication.cpp">
      <Filter>Source Files</Filter>
    </ClCompile>
    <ClCompile Include="IGOWindow.cpp">
      <Filter>Source Files</Filter>
    </ClCompile>
    <ClCompile Include="InputHook.cpp">
      <Filter>Source Files</Filter>
    </ClCompile>
    <ClCompile Include="DX9Surface.cpp">
      <Filter>Source Files</Filter>
    </ClCompile>
    <ClCompile Include="DX8Hook.cpp">
      <Filter>Source Files</Filter>
    </ClCompile>
    <ClCompile Include="DX8Surface.cpp">
      <Filter>Source Files</Filter>
    </ClCompile>
    <ClCompile Include="DX10Hook.cpp">
      <Filter>Source Files</Filter>
    </ClCompile>
    <ClCompile Include="DX10Surface.cpp">
      <Filter>Source Files</Filter>
    </ClCompile>
    <ClCompile Include="InjectHook.cpp">
      <Filter>Source Files</Filter>
    </ClCompile>
    <ClCompile Include="DX11Hook.cpp">
      <Filter>Source Files</Filter>
    </ClCompile>
    <ClCompile Include="DX11Surface.cpp">
      <Filter>Source Files</Filter>
    </ClCompile>
    <ClCompile Include="OGLHook.cpp">
      <Filter>Source Files</Filter>
    </ClCompile>
    <ClCompile Include="OGLSurface.cpp">
      <Filter>Source Files</Filter>
    </ClCompile>
    <ClCompile Include="IGOSurface.cpp">
      <Filter>Source Files</Filter>
    </ClCompile>
    <ClCompile Include="IGOInfoDisplay.cpp">
      <Filter>Source Files</Filter>
    </ClCompile>
    <ClCompile Include="DX7Hook.cpp">
      <Filter>Source Files</Filter>
    </ClCompile>
    <ClCompile Include="DX7Surface.cpp">
      <Filter>Source Files</Filter>
    </ClCompile>
    <ClCompile Include="IGOLogger.cpp">
      <Filter>Source Files</Filter>
    </ClCompile>
    <ClCompile Include="IGO.cpp">
      <Filter>Source Files</Filter>
    </ClCompile>
  </ItemGroup>
  <ItemGroup>
    <ClInclude Include="Disasm\disasm.h">
      <Filter>Hooking\Disasm</Filter>
    </ClInclude>
    <ClInclude Include="Disasm\disasm_x86.h">
      <Filter>Hooking\Disasm</Filter>
    </ClInclude>
    <ClInclude Include="Disasm\disasm_x86_tables.h">
      <Filter>Hooking\Disasm</Filter>
    </ClInclude>
    <ClInclude Include="Disasm\misc.h">
      <Filter>Hooking\Disasm</Filter>
    </ClInclude>
    <ClInclude Include="Disasm\cpu.h">
      <Filter>Hooking\Disasm</Filter>
    </ClInclude>
    <ClInclude Include="Mhook\mhook.h">
      <Filter>Hooking\Mhook</Filter>
    </ClInclude>
    <ClInclude Include="DX9Hook.h">
      <Filter>Header Files</Filter>
    </ClInclude>
    <ClInclude Include="HookAPI.h">
      <Filter>Header Files</Filter>
    </ClInclude>
    <ClInclude Include="IGOApplication.h">
      <Filter>Header Files</Filter>
    </ClInclude>
    <ClInclude Include="IGOWindow.h">
      <Filter>Header Files</Filter>
    </ClInclude>
    <ClInclude Include="IGOSurface.h">
      <Filter>Header Files</Filter>
    </ClInclude>
    <ClInclude Include="IGO.h">
      <Filter>Header Files</Filter>
    </ClInclude>
    <ClInclude Include="InputHook.h">
      <Filter>Header Files</Filter>
    </ClInclude>
    <ClInclude Include="DX9Surface.h">
      <Filter>Header Files</Filter>
    </ClInclude>
    <ClInclude Include="DX8Hook.h">
      <Filter>Header Files</Filter>
    </ClInclude>
    <ClInclude Include="DX8Surface.h">
      <Filter>Header Files</Filter>
    </ClInclude>
    <ClInclude Include="DX10Hook.h">
      <Filter>Header Files</Filter>
    </ClInclude>
    <ClInclude Include="DX10Surface.h">
      <Filter>Header Files</Filter>
    </ClInclude>
    <ClInclude Include="resource.h">
      <Filter>Header Files</Filter>
    </ClInclude>
    <ClInclude Include="InjectHook.h">
      <Filter>Header Files</Filter>
    </ClInclude>
    <ClInclude Include="DX11Hook.h">
      <Filter>Header Files</Filter>
    </ClInclude>
    <ClInclude Include="DX11Surface.h">
      <Filter>Header Files</Filter>
    </ClInclude>
    <ClInclude Include="OGLHook.h">
      <Filter>Header Files</Filter>
    </ClInclude>
    <ClInclude Include="OGLSurface.h">
      <Filter>Header Files</Filter>
    </ClInclude>
    <ClInclude Include="OGLFunctions.h">
      <Filter>Header Files</Filter>
    </ClInclude>
    <ClInclude Include="IGOInfoDisplay.h">
      <Filter>Header Files</Filter>
    </ClInclude>
    <ClInclude Include="DX7Hook.h">
      <Filter>Header Files</Filter>
    </ClInclude>
    <ClInclude Include="DX7Surface.h">
      <Filter>Header Files</Filter>
    </ClInclude>
    <ClInclude Include="IGOservices/log/LogService.h">
      <Filter>Header Files</Filter>
    </ClInclude>
    <ClInclude Include="IGOSharedStructs.h">
      <Filter>Header Files</Filter>
    </ClInclude>
  </ItemGroup>
  <ItemGroup>
    <None Include="igo.fxo">
      <Filter>Resource</Filter>
    </None>
    <None Include="igops.fxo">
      <Filter>Resource</Filter>
    </None>
    <None Include="igovs.fxo">
      <Filter>Resource</Filter>
    </None>
    <None Include="igolog.html">
      <Filter>Resource</Filter>
    </None>
    <None Include="igologheader.html">
      <Filter>Resource</Filter>
    </None>
    <None Include="igologinfo.html">
      <Filter>Resource</Filter>
    </None>
  </ItemGroup>
  <ItemGroup>
    <ResourceCompile Include="IGO.rc">
      <Filter>Resource</Filter>
    </ResourceCompile>
  </ItemGroup>
  <ItemGroup>
    <CustomBuild Include="igo.fx">
      <Filter>Resource</Filter>
    </CustomBuild>
  </ItemGroup>
</Project>